// !$*UTF8*$!
{
	archiveVersion = 1;
	classes = {
	};
	objectVersion = 46;
	objects = {

/* Begin PBXBuildFile section */
		0300CF5F140DC53C00ABCC5B /* libSystem.dylib in Frameworks */ = {isa = PBXBuildFile; fileRef = 0324CC63135643FD000ADC60 /* libSystem.dylib */; };
		0300CF66140DC53C00ABCC5B /* CoreFoundation.framework in Frameworks */ = {isa = PBXBuildFile; fileRef = 07CC7AF913DF7E9B00F2DEDE /* CoreFoundation.framework */; };
		0300CF67140DC53C00ABCC5B /* Carbon.framework in Frameworks */ = {isa = PBXBuildFile; fileRef = 07CC7AFF13DF7EF200F2DEDE /* Carbon.framework */; };
		0300CF68140DC53C00ABCC5B /* IOKit.framework in Frameworks */ = {isa = PBXBuildFile; fileRef = 07CC7B0613DF7F0F00F2DEDE /* IOKit.framework */; };
		0300CF7B140DC61000ABCC5B /* AudioToolbox.framework in Frameworks */ = {isa = PBXBuildFile; fileRef = 0300CF7A140DC61000ABCC5B /* AudioToolbox.framework */; };
		0300CF94140DC65100ABCC5B /* AudioUnit.framework in Frameworks */ = {isa = PBXBuildFile; fileRef = 0300CF93140DC65100ABCC5B /* AudioUnit.framework */; };
		200159331E2A515000C4B645 /* CoreVideo.framework in Frameworks */ = {isa = PBXBuildFile; fileRef = 200159321E2A515000C4B645 /* CoreVideo.framework */; };
		20662B5C1C53A033004D0132 /* libmoai-osx-image-jpg.a in Frameworks */ = {isa = PBXBuildFile; fileRef = 20662B581C53A033004D0132 /* libmoai-osx-image-jpg.a */; };
		20662B5D1C53A033004D0132 /* libmoai-osx-image-png.a in Frameworks */ = {isa = PBXBuildFile; fileRef = 20662B591C53A033004D0132 /* libmoai-osx-image-png.a */; };
		20662B5E1C53A033004D0132 /* libmoai-osx-image-pvr.a in Frameworks */ = {isa = PBXBuildFile; fileRef = 20662B5A1C53A033004D0132 /* libmoai-osx-image-pvr.a */; };
		20662B5F1C53A033004D0132 /* libmoai-osx-image-webp.a in Frameworks */ = {isa = PBXBuildFile; fileRef = 20662B5B1C53A033004D0132 /* libmoai-osx-image-webp.a */; };
		20662B611C53A139004D0132 /* libfmod.dylib in Frameworks */ = {isa = PBXBuildFile; fileRef = 20662B601C53A139004D0132 /* libfmod.dylib */; };
		4C623B6415246B10008E4436 /* Foundation.framework in Frameworks */ = {isa = PBXBuildFile; fileRef = 4C623B6315246B10008E4436 /* Foundation.framework */; };
		4C623B6615246B25008E4436 /* CoreServices.framework in Frameworks */ = {isa = PBXBuildFile; fileRef = 4C623B6515246B25008E4436 /* CoreServices.framework */; };
		7AF6C4FB1F8FBD8800E6EB84 /* SDLHost-osx.mm in Sources */ = {isa = PBXBuildFile; fileRef = 7AF6C4F31F8FBD8800E6EB84 /* SDLHost-osx.mm */; };
		7AF6C4FC1F8FBD8800E6EB84 /* SDLHost.cpp in Sources */ = {isa = PBXBuildFile; fileRef = 7AF6C4F41F8FBD8800E6EB84 /* SDLHost.cpp */; };
		7AF6C4FD1F8FBD8800E6EB84 /* SDLHostMain.cpp in Sources */ = {isa = PBXBuildFile; fileRef = 7AF6C4F61F8FBD8800E6EB84 /* SDLHostMain.cpp */; };
		7AF6C4FE1F8FBD8800E6EB84 /* SDLJoystick.cpp in Sources */ = {isa = PBXBuildFile; fileRef = 7AF6C4F71F8FBD8800E6EB84 /* SDLJoystick.cpp */; };
		7AF6C4FF1F8FBD8800E6EB84 /* SDLKeyCodeMapping.cpp in Sources */ = {isa = PBXBuildFile; fileRef = 7AF6C4F91F8FBD8800E6EB84 /* SDLKeyCodeMapping.cpp */; };
		7AF6C7B71F9119DC00E6EB84 /* libmoai-osx-fmod-studio.a in Frameworks */ = {isa = PBXBuildFile; fileRef = 20662B501C539EE6004D0132 /* libmoai-osx-fmod-studio.a */; };
		7AF6C7B91F9120AF00E6EB84 /* libmoai-osx-harfbuzz.a in Frameworks */ = {isa = PBXBuildFile; fileRef = 7AF6C7B81F9120AF00E6EB84 /* libmoai-osx-harfbuzz.a */; };
		7AF6C7BC1F9120B900E6EB84 /* libmoai-osx-3rdparty-assimp.a in Frameworks */ = {isa = PBXBuildFile; fileRef = 7AF6C7BA1F9120B900E6EB84 /* libmoai-osx-3rdparty-assimp.a */; };
		7AF6C7BD1F9120B900E6EB84 /* libmoai-osx-assimp.a in Frameworks */ = {isa = PBXBuildFile; fileRef = 7AF6C7BB1F9120B900E6EB84 /* libmoai-osx-assimp.a */; };
		7AF6C7BE1F9120C400E6EB84 /* libmoai-osx-spine.a in Frameworks */ = {isa = PBXBuildFile; fileRef = 20662B521C539EE6004D0132 /* libmoai-osx-spine.a */; };
		CD096FD218E0FFE300A36EDD /* libstdc++.dylib in Frameworks */ = {isa = PBXBuildFile; fileRef = CD096FD118E0FFE300A36EDD /* libstdc++.dylib */; };
		CD1845BD1A626F0300FCCCE0 /* SystemConfiguration.framework in Frameworks */ = {isa = PBXBuildFile; fileRef = CD1845BC1A626F0300FCCCE0 /* SystemConfiguration.framework */; };
		CD6600661831CB5400D9862B /* OpenGL.framework in Frameworks */ = {isa = PBXBuildFile; fileRef = CD6600651831CB5400D9862B /* OpenGL.framework */; };
		CD795EF217F08E4B006AEB47 /* Cocoa.framework in Frameworks */ = {isa = PBXBuildFile; fileRef = CD795EF117F08E4B006AEB47 /* Cocoa.framework */; };
		CD795EF417F08F4E006AEB47 /* CoreAudio.framework in Frameworks */ = {isa = PBXBuildFile; fileRef = CD795EF317F08F4E006AEB47 /* CoreAudio.framework */; };
		CD795EF617F08F86006AEB47 /* ForceFeedback.framework in Frameworks */ = {isa = PBXBuildFile; fileRef = CD795EF517F08F86006AEB47 /* ForceFeedback.framework */; };
		CDA6331C1A390CFB00F3995F /* aku_modules_util.cpp in Sources */ = {isa = PBXBuildFile; fileRef = CDA633181A390CFB00F3995F /* aku_modules_util.cpp */; };
		CDA6331D1A390CFB00F3995F /* aku_modules.cpp in Sources */ = {isa = PBXBuildFile; fileRef = CDA6331A1A390CFB00F3995F /* aku_modules.cpp */; };
		CDFD8FB11AD8653C0003F415 /* libmoai-osx-3rdparty-core.a in Frameworks */ = {isa = PBXBuildFile; fileRef = CDFD8FA11AD8653C0003F415 /* libmoai-osx-3rdparty-core.a */; };
		CDFD8FB21AD8653C0003F415 /* libmoai-osx-3rdparty-crypto.a in Frameworks */ = {isa = PBXBuildFile; fileRef = CDFD8FA21AD8653C0003F415 /* libmoai-osx-3rdparty-crypto.a */; };
		CDFD8FB31AD8653C0003F415 /* libmoai-osx-3rdparty-sdl.a in Frameworks */ = {isa = PBXBuildFile; fileRef = CDFD8FA31AD8653C0003F415 /* libmoai-osx-3rdparty-sdl.a */; };
		CDFD8FB41AD8653C0003F415 /* libmoai-osx-apple.a in Frameworks */ = {isa = PBXBuildFile; fileRef = CDFD8FA41AD8653C0003F415 /* libmoai-osx-apple.a */; };
		CDFD8FB51AD8653C0003F415 /* libmoai-osx-box2d.a in Frameworks */ = {isa = PBXBuildFile; fileRef = CDFD8FA51AD8653C0003F415 /* libmoai-osx-box2d.a */; };
		CDFD8FB61AD8653C0003F415 /* libmoai-osx-crypto.a in Frameworks */ = {isa = PBXBuildFile; fileRef = CDFD8FA61AD8653C0003F415 /* libmoai-osx-crypto.a */; };
		CDFD8FB71AD8653C0003F415 /* libmoai-osx-http-client.a in Frameworks */ = {isa = PBXBuildFile; fileRef = CDFD8FA71AD8653C0003F415 /* libmoai-osx-http-client.a */; };
		CDFD8FB81AD8653C0003F415 /* libmoai-osx-http-server.a in Frameworks */ = {isa = PBXBuildFile; fileRef = CDFD8FA81AD8653C0003F415 /* libmoai-osx-http-server.a */; };
		CDFD8FB91AD8653C0003F415 /* libmoai-osx-luaext.a in Frameworks */ = {isa = PBXBuildFile; fileRef = CDFD8FA91AD8653C0003F415 /* libmoai-osx-luaext.a */; };
		CDFD8FBA1AD8653C0003F415 /* libmoai-osx-sdl.a in Frameworks */ = {isa = PBXBuildFile; fileRef = CDFD8FAA1AD8653C0003F415 /* libmoai-osx-sdl.a */; };
		CDFD8FBB1AD8653C0003F415 /* libmoai-osx-sim.a in Frameworks */ = {isa = PBXBuildFile; fileRef = CDFD8FAB1AD8653C0003F415 /* libmoai-osx-sim.a */; };
		CDFD8FBC1AD8653C0003F415 /* libmoai-osx-untz.a in Frameworks */ = {isa = PBXBuildFile; fileRef = CDFD8FAC1AD8653C0003F415 /* libmoai-osx-untz.a */; };
		CDFD8FBD1AD8653C0003F415 /* libmoai-osx-zl-core.a in Frameworks */ = {isa = PBXBuildFile; fileRef = CDFD8FAD1AD8653C0003F415 /* libmoai-osx-zl-core.a */; };
		CDFD8FBE1AD8653C0003F415 /* libmoai-osx-zl-crypto.a in Frameworks */ = {isa = PBXBuildFile; fileRef = CDFD8FAE1AD8653C0003F415 /* libmoai-osx-zl-crypto.a */; };
		CDFD8FBF1AD8653C0003F415 /* libmoai-osx-zl-vfs.a in Frameworks */ = {isa = PBXBuildFile; fileRef = CDFD8FAF1AD8653C0003F415 /* libmoai-osx-zl-vfs.a */; };
		CDFD8FC01AD8653C0003F415 /* libmoai-osx.a in Frameworks */ = {isa = PBXBuildFile; fileRef = CDFD8FB01AD8653C0003F415 /* libmoai-osx.a */; };
/* End PBXBuildFile section */

/* Begin PBXContainerItemProxy section */
		20662B451C539EE6004D0132 /* PBXContainerItemProxy */ = {
			isa = PBXContainerItemProxy;
			containerPortal = 20662B371C539EE4004D0132 /* cloudteam.xcodeproj */;
			proxyType = 2;
			remoteGlobalIDString = 203DA5871BDF92C700EC109A;
			remoteInfo = "libmoai-ios-crashlytics";
		};
		20662B471C539EE6004D0132 /* PBXContainerItemProxy */ = {
			isa = PBXContainerItemProxy;
			containerPortal = 20662B371C539EE4004D0132 /* cloudteam.xcodeproj */;
			proxyType = 2;
			remoteGlobalIDString = 206B9D1A1BDE37C80021D349;
			remoteInfo = "libmoai-ios-ct-util";
		};
		20662B491C539EE6004D0132 /* PBXContainerItemProxy */ = {
			isa = PBXContainerItemProxy;
			containerPortal = 20662B371C539EE4004D0132 /* cloudteam.xcodeproj */;
			proxyType = 2;
			remoteGlobalIDString = 206B9B071BDAB53D0021D349;
			remoteInfo = "libmoai-ios-fmod-studio";
		};
		20662B4B1C539EE6004D0132 /* PBXContainerItemProxy */ = {
			isa = PBXContainerItemProxy;
			containerPortal = 20662B371C539EE4004D0132 /* cloudteam.xcodeproj */;
			proxyType = 2;
			remoteGlobalIDString = 206B9ACF1BDAB5000021D349;
			remoteInfo = "libmoai-ios-spine";
		};
		20662B4D1C539EE6004D0132 /* PBXContainerItemProxy */ = {
			isa = PBXContainerItemProxy;
			containerPortal = 20662B371C539EE4004D0132 /* cloudteam.xcodeproj */;
			proxyType = 2;
			remoteGlobalIDString = 2090B66B1BEBA40A0057A676;
			remoteInfo = "libmoai-ios-unityads";
		};
		20662B4F1C539EE6004D0132 /* PBXContainerItemProxy */ = {
			isa = PBXContainerItemProxy;
			containerPortal = 20662B371C539EE4004D0132 /* cloudteam.xcodeproj */;
			proxyType = 2;
			remoteGlobalIDString = 206B9B111BDAB53F0021D349;
			remoteInfo = "libmoai-osx-fmod-studio";
		};
		20662B511C539EE6004D0132 /* PBXContainerItemProxy */ = {
			isa = PBXContainerItemProxy;
			containerPortal = 20662B371C539EE4004D0132 /* cloudteam.xcodeproj */;
			proxyType = 2;
			remoteGlobalIDString = 206B9AC51BDAB4F60021D349;
			remoteInfo = "libmoai-osx-spine";
		};
		20662B531C539EE6004D0132 /* PBXContainerItemProxy */ = {
			isa = PBXContainerItemProxy;
			containerPortal = 20662B371C539EE4004D0132 /* cloudteam.xcodeproj */;
			proxyType = 2;
			remoteGlobalIDString = 206B9D2C1BDE37CA0021D349;
			remoteInfo = "libmoai-osx-ct-util";
		};
		20662B561C53A024004D0132 /* PBXContainerItemProxy */ = {
			isa = PBXContainerItemProxy;
			containerPortal = 20662B371C539EE4004D0132 /* cloudteam.xcodeproj */;
			proxyType = 1;
			remoteGlobalIDString = 206B9B081BDAB53F0021D349;
			remoteInfo = "libmoai-osx-fmod-studio";
		};
		20FD8C591D12C1DD006587F8 /* PBXContainerItemProxy */ = {
			isa = PBXContainerItemProxy;
			containerPortal = 20662B371C539EE4004D0132 /* cloudteam.xcodeproj */;
			proxyType = 2;
			remoteGlobalIDString = 2049B9541CAA8C8B005B83B3;
			remoteInfo = "libmoai-ios-adtoapp";
		};
/* End PBXContainerItemProxy section */

/* Begin PBXFileReference section */
		0300CF70140DC56200ABCC5B /* moai */ = {isa = PBXFileReference; explicitFileType = "compiled.mach-o.executable"; includeInIndex = 0; path = moai; sourceTree = BUILT_PRODUCTS_DIR; };
		0300CF7A140DC61000ABCC5B /* AudioToolbox.framework */ = {isa = PBXFileReference; lastKnownFileType = wrapper.framework; name = AudioToolbox.framework; path = /System/Library/Frameworks/AudioToolbox.framework; sourceTree = "<absolute>"; };
		0300CF93140DC65100ABCC5B /* AudioUnit.framework */ = {isa = PBXFileReference; lastKnownFileType = wrapper.framework; name = AudioUnit.framework; path = /System/Library/Frameworks/AudioUnit.framework; sourceTree = "<absolute>"; };
		0324CC63135643FD000ADC60 /* libSystem.dylib */ = {isa = PBXFileReference; lastKnownFileType = "compiled.mach-o.dylib"; name = libSystem.dylib; path = /usr/lib/libSystem.dylib; sourceTree = "<absolute>"; };
		07CC7AF913DF7E9B00F2DEDE /* CoreFoundation.framework */ = {isa = PBXFileReference; lastKnownFileType = wrapper.framework; name = CoreFoundation.framework; path = /System/Library/Frameworks/CoreFoundation.framework; sourceTree = "<absolute>"; };
		07CC7AFF13DF7EF200F2DEDE /* Carbon.framework */ = {isa = PBXFileReference; lastKnownFileType = wrapper.framework; name = Carbon.framework; path = /System/Library/Frameworks/Carbon.framework; sourceTree = "<absolute>"; };
		07CC7B0613DF7F0F00F2DEDE /* IOKit.framework */ = {isa = PBXFileReference; lastKnownFileType = wrapper.framework; name = IOKit.framework; path = /System/Library/Frameworks/IOKit.framework; sourceTree = "<absolute>"; };
		200159321E2A515000C4B645 /* CoreVideo.framework */ = {isa = PBXFileReference; lastKnownFileType = wrapper.framework; name = CoreVideo.framework; path = System/Library/Frameworks/CoreVideo.framework; sourceTree = SDKROOT; };
		20662B371C539EE4004D0132 /* cloudteam.xcodeproj */ = {isa = PBXFileReference; lastKnownFileType = "wrapper.pb-project"; name = cloudteam.xcodeproj; path = ../libmoai/cloudteam.xcodeproj; sourceTree = "<group>"; };
		20662B581C53A033004D0132 /* libmoai-osx-image-jpg.a */ = {isa = PBXFileReference; lastKnownFileType = archive.ar; name = "libmoai-osx-image-jpg.a"; path = "../../xcode/libmoai/build/Debug/libmoai-osx-image-jpg.a"; sourceTree = "<group>"; };
		20662B591C53A033004D0132 /* libmoai-osx-image-png.a */ = {isa = PBXFileReference; lastKnownFileType = archive.ar; name = "libmoai-osx-image-png.a"; path = "../../xcode/libmoai/build/Debug/libmoai-osx-image-png.a"; sourceTree = "<group>"; };
		20662B5A1C53A033004D0132 /* libmoai-osx-image-pvr.a */ = {isa = PBXFileReference; lastKnownFileType = archive.ar; name = "libmoai-osx-image-pvr.a"; path = "../../xcode/libmoai/build/Debug/libmoai-osx-image-pvr.a"; sourceTree = "<group>"; };
		20662B5B1C53A033004D0132 /* libmoai-osx-image-webp.a */ = {isa = PBXFileReference; lastKnownFileType = archive.ar; name = "libmoai-osx-image-webp.a"; path = "../../xcode/libmoai/build/Debug/libmoai-osx-image-webp.a"; sourceTree = "<group>"; };
		20662B601C53A139004D0132 /* libfmod.dylib */ = {isa = PBXFileReference; lastKnownFileType = "compiled.mach-o.dylib"; name = libfmod.dylib; path = "../../3rdparty/fmod-studio/lib/osx/libfmod.dylib"; sourceTree = "<group>"; };
		4C623B6315246B10008E4436 /* Foundation.framework */ = {isa = PBXFileReference; lastKnownFileType = wrapper.framework; name = Foundation.framework; path = /System/Library/Frameworks/Foundation.framework; sourceTree = "<absolute>"; };
		4C623B6515246B25008E4436 /* CoreServices.framework */ = {isa = PBXFileReference; lastKnownFileType = wrapper.framework; name = CoreServices.framework; path = /System/Library/Frameworks/CoreServices.framework; sourceTree = "<absolute>"; };
		66D9680B14047B7100017919 /* libz.dylib */ = {isa = PBXFileReference; lastKnownFileType = "compiled.mach-o.dylib"; name = libz.dylib; path = ../../../../../../../usr/lib/libz.dylib; sourceTree = "<group>"; };
		7AF6C4F31F8FBD8800E6EB84 /* SDLHost-osx.mm */ = {isa = PBXFileReference; fileEncoding = 4; lastKnownFileType = sourcecode.cpp.objcpp; name = "SDLHost-osx.mm"; path = "../../src/host-sdl/SDLHost-osx.mm"; sourceTree = "<group>"; };
		7AF6C4F41F8FBD8800E6EB84 /* SDLHost.cpp */ = {isa = PBXFileReference; fileEncoding = 4; lastKnownFileType = sourcecode.cpp.cpp; name = SDLHost.cpp; path = "../../src/host-sdl/SDLHost.cpp"; sourceTree = "<group>"; };
		7AF6C4F51F8FBD8800E6EB84 /* SDLHost.h */ = {isa = PBXFileReference; fileEncoding = 4; lastKnownFileType = sourcecode.c.h; name = SDLHost.h; path = "../../src/host-sdl/SDLHost.h"; sourceTree = "<group>"; };
		7AF6C4F61F8FBD8800E6EB84 /* SDLHostMain.cpp */ = {isa = PBXFileReference; fileEncoding = 4; lastKnownFileType = sourcecode.cpp.cpp; name = SDLHostMain.cpp; path = "../../src/host-sdl/SDLHostMain.cpp"; sourceTree = "<group>"; };
		7AF6C4F71F8FBD8800E6EB84 /* SDLJoystick.cpp */ = {isa = PBXFileReference; fileEncoding = 4; lastKnownFileType = sourcecode.cpp.cpp; name = SDLJoystick.cpp; path = "../../src/host-sdl/SDLJoystick.cpp"; sourceTree = "<group>"; };
		7AF6C4F81F8FBD8800E6EB84 /* SDLJoystick.h */ = {isa = PBXFileReference; fileEncoding = 4; lastKnownFileType = sourcecode.c.h; name = SDLJoystick.h; path = "../../src/host-sdl/SDLJoystick.h"; sourceTree = "<group>"; };
		7AF6C4F91F8FBD8800E6EB84 /* SDLKeyCodeMapping.cpp */ = {isa = PBXFileReference; fileEncoding = 4; lastKnownFileType = sourcecode.cpp.cpp; name = SDLKeyCodeMapping.cpp; path = "../../src/host-sdl/SDLKeyCodeMapping.cpp"; sourceTree = "<group>"; };
		7AF6C4FA1F8FBD8800E6EB84 /* SDLKeyCodeMapping.h */ = {isa = PBXFileReference; fileEncoding = 4; lastKnownFileType = sourcecode.c.h; name = SDLKeyCodeMapping.h; path = "../../src/host-sdl/SDLKeyCodeMapping.h"; sourceTree = "<group>"; };
		7AF6C5721F9103B800E6EB84 /* AVFoundation.framework */ = {isa = PBXFileReference; lastKnownFileType = wrapper.framework; name = AVFoundation.framework; path = System/Library/Frameworks/AVFoundation.framework; sourceTree = SDKROOT; };
		7AF6C7B81F9120AF00E6EB84 /* libmoai-osx-harfbuzz.a */ = {isa = PBXFileReference; lastKnownFileType = archive.ar; name = "libmoai-osx-harfbuzz.a"; path = "../../xcode/libmoai/build/Debug/libmoai-osx-harfbuzz.a"; sourceTree = "<group>"; };
		7AF6C7BA1F9120B900E6EB84 /* libmoai-osx-3rdparty-assimp.a */ = {isa = PBXFileReference; lastKnownFileType = archive.ar; name = "libmoai-osx-3rdparty-assimp.a"; path = "../../../../../Library/Developer/Xcode/DerivedData/moai-osx-ecrwhyikmcmgeveilibjvyrflhgl/Build/Products/Debug/libmoai-osx-3rdparty-assimp.a"; sourceTree = "<group>"; };
		7AF6C7BB1F9120B900E6EB84 /* libmoai-osx-assimp.a */ = {isa = PBXFileReference; lastKnownFileType = archive.ar; name = "libmoai-osx-assimp.a"; path = "../../../../../Library/Developer/Xcode/DerivedData/moai-osx-ecrwhyikmcmgeveilibjvyrflhgl/Build/Products/Debug/libmoai-osx-assimp.a"; sourceTree = "<group>"; };
		CD096FD118E0FFE300A36EDD /* libstdc++.dylib */ = {isa = PBXFileReference; lastKnownFileType = "compiled.mach-o.dylib"; name = "libstdc++.dylib"; path = "usr/lib/libstdc++.dylib"; sourceTree = SDKROOT; };
		CD1845BC1A626F0300FCCCE0 /* SystemConfiguration.framework */ = {isa = PBXFileReference; lastKnownFileType = wrapper.framework; name = SystemConfiguration.framework; path = System/Library/Frameworks/SystemConfiguration.framework; sourceTree = SDKROOT; };
		CD6600651831CB5400D9862B /* OpenGL.framework */ = {isa = PBXFileReference; lastKnownFileType = wrapper.framework; name = OpenGL.framework; path = System/Library/Frameworks/OpenGL.framework; sourceTree = SDKROOT; };
		CD74EA2B137807E40093EE68 /* libcrypto.dylib */ = {isa = PBXFileReference; lastKnownFileType = "compiled.mach-o.dylib"; name = libcrypto.dylib; path = /usr/lib/libcrypto.dylib; sourceTree = "<absolute>"; };
		CD74EA311378080E0093EE68 /* libssl.dylib */ = {isa = PBXFileReference; lastKnownFileType = "compiled.mach-o.dylib"; name = libssl.dylib; path = /usr/lib/libssl.dylib; sourceTree = "<absolute>"; };
		CD795EF117F08E4B006AEB47 /* Cocoa.framework */ = {isa = PBXFileReference; lastKnownFileType = wrapper.framework; name = Cocoa.framework; path = /System/Library/Frameworks/Cocoa.framework; sourceTree = "<absolute>"; };
		CD795EF317F08F4E006AEB47 /* CoreAudio.framework */ = {isa = PBXFileReference; lastKnownFileType = wrapper.framework; name = CoreAudio.framework; path = /System/Library/Frameworks/CoreAudio.framework; sourceTree = "<absolute>"; };
		CD795EF517F08F86006AEB47 /* ForceFeedback.framework */ = {isa = PBXFileReference; lastKnownFileType = wrapper.framework; name = ForceFeedback.framework; path = /System/Library/Frameworks/ForceFeedback.framework; sourceTree = "<absolute>"; };
		CDA633161A390CFB00F3995F /* aku_modules_config.h */ = {isa = PBXFileReference; fileEncoding = 4; lastKnownFileType = sourcecode.c.h; name = aku_modules_config.h; path = "../../src/host-modules/aku_modules_config.h"; sourceTree = "<group>"; };
		CDA633181A390CFB00F3995F /* aku_modules_util.cpp */ = {isa = PBXFileReference; fileEncoding = 4; lastKnownFileType = sourcecode.cpp.cpp; name = aku_modules_util.cpp; path = "../../src/host-modules/aku_modules_util.cpp"; sourceTree = "<group>"; };
		CDA633191A390CFB00F3995F /* aku_modules_util.h */ = {isa = PBXFileReference; fileEncoding = 4; lastKnownFileType = sourcecode.c.h; name = aku_modules_util.h; path = "../../src/host-modules/aku_modules_util.h"; sourceTree = "<group>"; };
		CDA6331A1A390CFB00F3995F /* aku_modules.cpp */ = {isa = PBXFileReference; fileEncoding = 4; lastKnownFileType = sourcecode.cpp.cpp; name = aku_modules.cpp; path = "../../src/host-modules/aku_modules.cpp"; sourceTree = "<group>"; };
		CDA6331B1A390CFB00F3995F /* aku_modules.h */ = {isa = PBXFileReference; fileEncoding = 4; lastKnownFileType = sourcecode.c.h; name = aku_modules.h; path = "../../src/host-modules/aku_modules.h"; sourceTree = "<group>"; };
		CDFD8FA11AD8653C0003F415 /* libmoai-osx-3rdparty-core.a */ = {isa = PBXFileReference; lastKnownFileType = archive.ar; name = "libmoai-osx-3rdparty-core.a"; path = "../../../../Library/Developer/Xcode/DerivedData/MoaiSample-cqdbxugpyrgpwegimkiivzlhrioj/Build/Products/Debug/libmoai-osx-3rdparty-core.a"; sourceTree = "<group>"; };
		CDFD8FA21AD8653C0003F415 /* libmoai-osx-3rdparty-crypto.a */ = {isa = PBXFileReference; lastKnownFileType = archive.ar; name = "libmoai-osx-3rdparty-crypto.a"; path = "../../../../Library/Developer/Xcode/DerivedData/MoaiSample-cqdbxugpyrgpwegimkiivzlhrioj/Build/Products/Debug/libmoai-osx-3rdparty-crypto.a"; sourceTree = "<group>"; };
		CDFD8FA31AD8653C0003F415 /* libmoai-osx-3rdparty-sdl.a */ = {isa = PBXFileReference; lastKnownFileType = archive.ar; name = "libmoai-osx-3rdparty-sdl.a"; path = "../../../../Library/Developer/Xcode/DerivedData/MoaiSample-cqdbxugpyrgpwegimkiivzlhrioj/Build/Products/Debug/libmoai-osx-3rdparty-sdl.a"; sourceTree = "<group>"; };
		CDFD8FA41AD8653C0003F415 /* libmoai-osx-apple.a */ = {isa = PBXFileReference; lastKnownFileType = archive.ar; name = "libmoai-osx-apple.a"; path = "../../../../Library/Developer/Xcode/DerivedData/MoaiSample-cqdbxugpyrgpwegimkiivzlhrioj/Build/Products/Debug/libmoai-osx-apple.a"; sourceTree = "<group>"; };
		CDFD8FA51AD8653C0003F415 /* libmoai-osx-box2d.a */ = {isa = PBXFileReference; lastKnownFileType = archive.ar; name = "libmoai-osx-box2d.a"; path = "../../../../Library/Developer/Xcode/DerivedData/MoaiSample-cqdbxugpyrgpwegimkiivzlhrioj/Build/Products/Debug/libmoai-osx-box2d.a"; sourceTree = "<group>"; };
		CDFD8FA61AD8653C0003F415 /* libmoai-osx-crypto.a */ = {isa = PBXFileReference; lastKnownFileType = archive.ar; name = "libmoai-osx-crypto.a"; path = "../../../../Library/Developer/Xcode/DerivedData/MoaiSample-cqdbxugpyrgpwegimkiivzlhrioj/Build/Products/Debug/libmoai-osx-crypto.a"; sourceTree = "<group>"; };
		CDFD8FA71AD8653C0003F415 /* libmoai-osx-http-client.a */ = {isa = PBXFileReference; lastKnownFileType = archive.ar; name = "libmoai-osx-http-client.a"; path = "../../../../Library/Developer/Xcode/DerivedData/MoaiSample-cqdbxugpyrgpwegimkiivzlhrioj/Build/Products/Debug/libmoai-osx-http-client.a"; sourceTree = "<group>"; };
		CDFD8FA81AD8653C0003F415 /* libmoai-osx-http-server.a */ = {isa = PBXFileReference; lastKnownFileType = archive.ar; name = "libmoai-osx-http-server.a"; path = "../../../../Library/Developer/Xcode/DerivedData/MoaiSample-cqdbxugpyrgpwegimkiivzlhrioj/Build/Products/Debug/libmoai-osx-http-server.a"; sourceTree = "<group>"; };
		CDFD8FA91AD8653C0003F415 /* libmoai-osx-luaext.a */ = {isa = PBXFileReference; lastKnownFileType = archive.ar; name = "libmoai-osx-luaext.a"; path = "../../../../Library/Developer/Xcode/DerivedData/MoaiSample-cqdbxugpyrgpwegimkiivzlhrioj/Build/Products/Debug/libmoai-osx-luaext.a"; sourceTree = "<group>"; };
		CDFD8FAA1AD8653C0003F415 /* libmoai-osx-sdl.a */ = {isa = PBXFileReference; lastKnownFileType = archive.ar; name = "libmoai-osx-sdl.a"; path = "../../../../Library/Developer/Xcode/DerivedData/MoaiSample-cqdbxugpyrgpwegimkiivzlhrioj/Build/Products/Debug/libmoai-osx-sdl.a"; sourceTree = "<group>"; };
		CDFD8FAB1AD8653C0003F415 /* libmoai-osx-sim.a */ = {isa = PBXFileReference; lastKnownFileType = archive.ar; name = "libmoai-osx-sim.a"; path = "../../../../Library/Developer/Xcode/DerivedData/MoaiSample-cqdbxugpyrgpwegimkiivzlhrioj/Build/Products/Debug/libmoai-osx-sim.a"; sourceTree = "<group>"; };
		CDFD8FAC1AD8653C0003F415 /* libmoai-osx-untz.a */ = {isa = PBXFileReference; lastKnownFileType = archive.ar; name = "libmoai-osx-untz.a"; path = "../../../../Library/Developer/Xcode/DerivedData/MoaiSample-cqdbxugpyrgpwegimkiivzlhrioj/Build/Products/Debug/libmoai-osx-untz.a"; sourceTree = "<group>"; };
		CDFD8FAD1AD8653C0003F415 /* libmoai-osx-zl-core.a */ = {isa = PBXFileReference; lastKnownFileType = archive.ar; name = "libmoai-osx-zl-core.a"; path = "../../../../Library/Developer/Xcode/DerivedData/MoaiSample-cqdbxugpyrgpwegimkiivzlhrioj/Build/Products/Debug/libmoai-osx-zl-core.a"; sourceTree = "<group>"; };
		CDFD8FAE1AD8653C0003F415 /* libmoai-osx-zl-crypto.a */ = {isa = PBXFileReference; lastKnownFileType = archive.ar; name = "libmoai-osx-zl-crypto.a"; path = "../../../../Library/Developer/Xcode/DerivedData/MoaiSample-cqdbxugpyrgpwegimkiivzlhrioj/Build/Products/Debug/libmoai-osx-zl-crypto.a"; sourceTree = "<group>"; };
		CDFD8FAF1AD8653C0003F415 /* libmoai-osx-zl-vfs.a */ = {isa = PBXFileReference; lastKnownFileType = archive.ar; name = "libmoai-osx-zl-vfs.a"; path = "../../../../Library/Developer/Xcode/DerivedData/MoaiSample-cqdbxugpyrgpwegimkiivzlhrioj/Build/Products/Debug/libmoai-osx-zl-vfs.a"; sourceTree = "<group>"; };
		CDFD8FB01AD8653C0003F415 /* libmoai-osx.a */ = {isa = PBXFileReference; lastKnownFileType = archive.ar; name = "libmoai-osx.a"; path = "../../../../Library/Developer/Xcode/DerivedData/MoaiSample-cqdbxugpyrgpwegimkiivzlhrioj/Build/Products/Debug/libmoai-osx.a"; sourceTree = "<group>"; };
/* End PBXFileReference section */

/* Begin PBXFrameworksBuildPhase section */
		0300CF5C140DC53C00ABCC5B /* Frameworks */ = {
			isa = PBXFrameworksBuildPhase;
			buildActionMask = 2147483647;
			files = (
				7AF6C7BE1F9120C400E6EB84 /* libmoai-osx-spine.a in Frameworks */,
				7AF6C7BC1F9120B900E6EB84 /* libmoai-osx-3rdparty-assimp.a in Frameworks */,
				7AF6C7BD1F9120B900E6EB84 /* libmoai-osx-assimp.a in Frameworks */,
				7AF6C7B91F9120AF00E6EB84 /* libmoai-osx-harfbuzz.a in Frameworks */,
				7AF6C7B71F9119DC00E6EB84 /* libmoai-osx-fmod-studio.a in Frameworks */,
				20662B611C53A139004D0132 /* libfmod.dylib in Frameworks */,
				20662B5C1C53A033004D0132 /* libmoai-osx-image-jpg.a in Frameworks */,
				20662B5D1C53A033004D0132 /* libmoai-osx-image-png.a in Frameworks */,
				20662B5E1C53A033004D0132 /* libmoai-osx-image-pvr.a in Frameworks */,
				20662B5F1C53A033004D0132 /* libmoai-osx-image-webp.a in Frameworks */,
				CDFD8FB11AD8653C0003F415 /* libmoai-osx-3rdparty-core.a in Frameworks */,
				CDFD8FB21AD8653C0003F415 /* libmoai-osx-3rdparty-crypto.a in Frameworks */,
				CDFD8FB31AD8653C0003F415 /* libmoai-osx-3rdparty-sdl.a in Frameworks */,
				CDFD8FB41AD8653C0003F415 /* libmoai-osx-apple.a in Frameworks */,
				CDFD8FB51AD8653C0003F415 /* libmoai-osx-box2d.a in Frameworks */,
				CDFD8FB61AD8653C0003F415 /* libmoai-osx-crypto.a in Frameworks */,
				CDFD8FB71AD8653C0003F415 /* libmoai-osx-http-client.a in Frameworks */,
				CDFD8FB81AD8653C0003F415 /* libmoai-osx-http-server.a in Frameworks */,
				CDFD8FB91AD8653C0003F415 /* libmoai-osx-luaext.a in Frameworks */,
				CDFD8FBA1AD8653C0003F415 /* libmoai-osx-sdl.a in Frameworks */,
				CDFD8FBB1AD8653C0003F415 /* libmoai-osx-sim.a in Frameworks */,
				CDFD8FBC1AD8653C0003F415 /* libmoai-osx-untz.a in Frameworks */,
				CDFD8FBD1AD8653C0003F415 /* libmoai-osx-zl-core.a in Frameworks */,
				CDFD8FBE1AD8653C0003F415 /* libmoai-osx-zl-crypto.a in Frameworks */,
				CDFD8FBF1AD8653C0003F415 /* libmoai-osx-zl-vfs.a in Frameworks */,
				CDFD8FC01AD8653C0003F415 /* libmoai-osx.a in Frameworks */,
				CD096FD218E0FFE300A36EDD /* libstdc++.dylib in Frameworks */,
				0300CF5F140DC53C00ABCC5B /* libSystem.dylib in Frameworks */,
				0300CF7B140DC61000ABCC5B /* AudioToolbox.framework in Frameworks */,
				0300CF94140DC65100ABCC5B /* AudioUnit.framework in Frameworks */,
				0300CF67140DC53C00ABCC5B /* Carbon.framework in Frameworks */,
				CD795EF217F08E4B006AEB47 /* Cocoa.framework in Frameworks */,
				CD795EF417F08F4E006AEB47 /* CoreAudio.framework in Frameworks */,
				200159331E2A515000C4B645 /* CoreVideo.framework in Frameworks */,
				0300CF66140DC53C00ABCC5B /* CoreFoundation.framework in Frameworks */,
				4C623B6615246B25008E4436 /* CoreServices.framework in Frameworks */,
				CD795EF617F08F86006AEB47 /* ForceFeedback.framework in Frameworks */,
				4C623B6415246B10008E4436 /* Foundation.framework in Frameworks */,
				0300CF68140DC53C00ABCC5B /* IOKit.framework in Frameworks */,
				CD6600661831CB5400D9862B /* OpenGL.framework in Frameworks */,
				CD1845BD1A626F0300FCCCE0 /* SystemConfiguration.framework in Frameworks */,
			);
			runOnlyForDeploymentPostprocessing = 0;
		};
/* End PBXFrameworksBuildPhase section */

/* Begin PBXGroup section */
		038DB6D7101FAA6700ECA0BF /* Products */ = {
			isa = PBXGroup;
			children = (
				0300CF70140DC56200ABCC5B /* moai */,
			);
			name = Products;
			sourceTree = "<group>";
		};
		20662B381C539EE4004D0132 /* Products */ = {
			isa = PBXGroup;
			children = (
				20FD8C5A1D12C1DD006587F8 /* libmoai_ios_adtoapp.a */,
				20662B461C539EE6004D0132 /* libmoai-ios-crashlytics.a */,
				20662B481C539EE6004D0132 /* libmoai-ios-ct-util.a */,
				20662B4A1C539EE6004D0132 /* libmoai-ios-fmod-studio.a */,
				20662B4C1C539EE6004D0132 /* libmoai-ios-spine.a */,
				20662B4E1C539EE6004D0132 /* libmoai-ios-unityads.a */,
				20662B501C539EE6004D0132 /* libmoai-osx-fmod-studio.a */,
				20662B521C539EE6004D0132 /* libmoai-osx-spine.a */,
				20662B541C539EE6004D0132 /* libmoai-osx-ct-util.a */,
			);
			name = Products;
			sourceTree = "<group>";
		};
		29B97314FDCFA39411CA2CEA /* CustomTemplate */ = {
			isa = PBXGroup;
			children = (
				20662B371C539EE4004D0132 /* cloudteam.xcodeproj */,
				CDA6330D1A390CBC00F3995F /* host-sdl */,
				CD2FDE8613542E9F00B814DF /* Frameworks */,
				038DB6D7101FAA6700ECA0BF /* Products */,
			);
			name = CustomTemplate;
			sourceTree = "<group>";
			usesTabs = 1;
		};
		CD2FDE8613542E9F00B814DF /* Frameworks */ = {
			isa = PBXGroup;
			children = (
				7AF6C7BA1F9120B900E6EB84 /* libmoai-osx-3rdparty-assimp.a */,
				7AF6C7BB1F9120B900E6EB84 /* libmoai-osx-assimp.a */,
				7AF6C7B81F9120AF00E6EB84 /* libmoai-osx-harfbuzz.a */,
				7AF6C5721F9103B800E6EB84 /* AVFoundation.framework */,
				200159321E2A515000C4B645 /* CoreVideo.framework */,
				20662B601C53A139004D0132 /* libfmod.dylib */,
				20662B581C53A033004D0132 /* libmoai-osx-image-jpg.a */,
				20662B591C53A033004D0132 /* libmoai-osx-image-png.a */,
				20662B5A1C53A033004D0132 /* libmoai-osx-image-pvr.a */,
				20662B5B1C53A033004D0132 /* libmoai-osx-image-webp.a */,
				CDFD8FA11AD8653C0003F415 /* libmoai-osx-3rdparty-core.a */,
				CDFD8FA21AD8653C0003F415 /* libmoai-osx-3rdparty-crypto.a */,
				CDFD8FA31AD8653C0003F415 /* libmoai-osx-3rdparty-sdl.a */,
				CDFD8FA41AD8653C0003F415 /* libmoai-osx-apple.a */,
				CDFD8FA51AD8653C0003F415 /* libmoai-osx-box2d.a */,
				CDFD8FA61AD8653C0003F415 /* libmoai-osx-crypto.a */,
				CDFD8FA71AD8653C0003F415 /* libmoai-osx-http-client.a */,
				CDFD8FA81AD8653C0003F415 /* libmoai-osx-http-server.a */,
				CDFD8FA91AD8653C0003F415 /* libmoai-osx-luaext.a */,
				CDFD8FAA1AD8653C0003F415 /* libmoai-osx-sdl.a */,
				CDFD8FAB1AD8653C0003F415 /* libmoai-osx-sim.a */,
				CDFD8FAC1AD8653C0003F415 /* libmoai-osx-untz.a */,
				CDFD8FAD1AD8653C0003F415 /* libmoai-osx-zl-core.a */,
				CDFD8FAE1AD8653C0003F415 /* libmoai-osx-zl-crypto.a */,
				CDFD8FAF1AD8653C0003F415 /* libmoai-osx-zl-vfs.a */,
				CDFD8FB01AD8653C0003F415 /* libmoai-osx.a */,
				CD1845BC1A626F0300FCCCE0 /* SystemConfiguration.framework */,
				CD096FD118E0FFE300A36EDD /* libstdc++.dylib */,
				CD74EA2B137807E40093EE68 /* libcrypto.dylib */,
				CD74EA311378080E0093EE68 /* libssl.dylib */,
				0324CC63135643FD000ADC60 /* libSystem.dylib */,
				66D9680B14047B7100017919 /* libz.dylib */,
				CD795EF117F08E4B006AEB47 /* Cocoa.framework */,
				CD795EF317F08F4E006AEB47 /* CoreAudio.framework */,
				4C623B6515246B25008E4436 /* CoreServices.framework */,
				CD795EF517F08F86006AEB47 /* ForceFeedback.framework */,
				4C623B6315246B10008E4436 /* Foundation.framework */,
				07CC7AF913DF7E9B00F2DEDE /* CoreFoundation.framework */,
				07CC7AFF13DF7EF200F2DEDE /* Carbon.framework */,
				07CC7B0613DF7F0F00F2DEDE /* IOKit.framework */,
				0300CF7A140DC61000ABCC5B /* AudioToolbox.framework */,
				0300CF93140DC65100ABCC5B /* AudioUnit.framework */,
				CD6600651831CB5400D9862B /* OpenGL.framework */,
			);
			name = Frameworks;
			sourceTree = "<group>";
		};
		CDA6330D1A390CBC00F3995F /* host-sdl */ = {
			isa = PBXGroup;
			children = (
				CDA633161A390CFB00F3995F /* aku_modules_config.h */,
				CDA633181A390CFB00F3995F /* aku_modules_util.cpp */,
				CDA633191A390CFB00F3995F /* aku_modules_util.h */,
				CDA6331A1A390CFB00F3995F /* aku_modules.cpp */,
				CDA6331B1A390CFB00F3995F /* aku_modules.h */,
				7AF6C4F31F8FBD8800E6EB84 /* SDLHost-osx.mm */,
				7AF6C4F41F8FBD8800E6EB84 /* SDLHost.cpp */,
				7AF6C4F51F8FBD8800E6EB84 /* SDLHost.h */,
				7AF6C4F61F8FBD8800E6EB84 /* SDLHostMain.cpp */,
				7AF6C4F71F8FBD8800E6EB84 /* SDLJoystick.cpp */,
				7AF6C4F81F8FBD8800E6EB84 /* SDLJoystick.h */,
				7AF6C4F91F8FBD8800E6EB84 /* SDLKeyCodeMapping.cpp */,
				7AF6C4FA1F8FBD8800E6EB84 /* SDLKeyCodeMapping.h */,
			);
			name = "host-sdl";
			sourceTree = "<group>";
		};
/* End PBXGroup section */

/* Begin PBXNativeTarget section */
		0300CF4F140DC53C00ABCC5B /* moai */ = {
			isa = PBXNativeTarget;
			buildConfigurationList = 0300CF6B140DC53C00ABCC5B /* Build configuration list for PBXNativeTarget "moai" */;
			buildPhases = (
				0300CF58140DC53C00ABCC5B /* Sources */,
				0300CF5C140DC53C00ABCC5B /* Frameworks */,
				CD9E5BDF1A7700D500469462 /* Copy Binaries */,
			);
			buildRules = (
			);
			dependencies = (
				20662B571C53A024004D0132 /* PBXTargetDependency */,
			);
			name = moai;
			productName = moai;
			productReference = 0300CF70140DC56200ABCC5B /* moai */;
			productType = "com.apple.product-type.tool";
		};
/* End PBXNativeTarget section */

/* Begin PBXProject section */
		29B97313FDCFA39411CA2CEA /* Project object */ = {
			isa = PBXProject;
			attributes = {
				BuildIndependentTargetsInParallel = NO;
				LastUpgradeCheck = 0640;
			};
			buildConfigurationList = C01FCF4E08A954540054247B /* Build configuration list for PBXProject "moai-osx" */;
			compatibilityVersion = "Xcode 3.2";
			developmentRegion = English;
			hasScannedForEncodings = 1;
			knownRegions = (
				English,
				Japanese,
				French,
				German,
				en,
				de,
				fr,
				nl,
				jp,
				ja,
				sv,
				sk,
				cs,
				it,
			);
			mainGroup = 29B97314FDCFA39411CA2CEA /* CustomTemplate */;
			projectDirPath = "";
			projectReferences = (
				{
					ProductGroup = 20662B381C539EE4004D0132 /* Products */;
					ProjectRef = 20662B371C539EE4004D0132 /* cloudteam.xcodeproj */;
				},
			);
			projectRoot = "";
			targets = (
				0300CF4F140DC53C00ABCC5B /* moai */,
			);
		};
/* End PBXProject section */

/* Begin PBXReferenceProxy section */
		20662B461C539EE6004D0132 /* libmoai-ios-crashlytics.a */ = {
			isa = PBXReferenceProxy;
			fileType = archive.ar;
			path = "libmoai-ios-crashlytics.a";
			remoteRef = 20662B451C539EE6004D0132 /* PBXContainerItemProxy */;
			sourceTree = BUILT_PRODUCTS_DIR;
		};
		20662B481C539EE6004D0132 /* libmoai-ios-ct-util.a */ = {
			isa = PBXReferenceProxy;
			fileType = archive.ar;
			path = "libmoai-ios-ct-util.a";
			remoteRef = 20662B471C539EE6004D0132 /* PBXContainerItemProxy */;
			sourceTree = BUILT_PRODUCTS_DIR;
		};
		20662B4A1C539EE6004D0132 /* libmoai-ios-fmod-studio.a */ = {
			isa = PBXReferenceProxy;
			fileType = archive.ar;
			path = "libmoai-ios-fmod-studio.a";
			remoteRef = 20662B491C539EE6004D0132 /* PBXContainerItemProxy */;
			sourceTree = BUILT_PRODUCTS_DIR;
		};
		20662B4C1C539EE6004D0132 /* libmoai-ios-spine.a */ = {
			isa = PBXReferenceProxy;
			fileType = archive.ar;
			path = "libmoai-ios-spine.a";
			remoteRef = 20662B4B1C539EE6004D0132 /* PBXContainerItemProxy */;
			sourceTree = BUILT_PRODUCTS_DIR;
		};
		20662B4E1C539EE6004D0132 /* libmoai-ios-unityads.a */ = {
			isa = PBXReferenceProxy;
			fileType = archive.ar;
			path = "libmoai-ios-unityads.a";
			remoteRef = 20662B4D1C539EE6004D0132 /* PBXContainerItemProxy */;
			sourceTree = BUILT_PRODUCTS_DIR;
		};
		20662B501C539EE6004D0132 /* libmoai-osx-fmod-studio.a */ = {
			isa = PBXReferenceProxy;
			fileType = archive.ar;
			path = "libmoai-osx-fmod-studio.a";
			remoteRef = 20662B4F1C539EE6004D0132 /* PBXContainerItemProxy */;
			sourceTree = BUILT_PRODUCTS_DIR;
		};
		20662B521C539EE6004D0132 /* libmoai-osx-spine.a */ = {
			isa = PBXReferenceProxy;
			fileType = archive.ar;
			path = "libmoai-osx-spine.a";
			remoteRef = 20662B511C539EE6004D0132 /* PBXContainerItemProxy */;
			sourceTree = BUILT_PRODUCTS_DIR;
		};
		20662B541C539EE6004D0132 /* libmoai-osx-ct-util.a */ = {
			isa = PBXReferenceProxy;
			fileType = archive.ar;
			path = "libmoai-osx-ct-util.a";
			remoteRef = 20662B531C539EE6004D0132 /* PBXContainerItemProxy */;
			sourceTree = BUILT_PRODUCTS_DIR;
		};
		20FD8C5A1D12C1DD006587F8 /* libmoai_ios_adtoapp.a */ = {
			isa = PBXReferenceProxy;
			fileType = archive.ar;
			path = libmoai_ios_adtoapp.a;
			remoteRef = 20FD8C591D12C1DD006587F8 /* PBXContainerItemProxy */;
			sourceTree = BUILT_PRODUCTS_DIR;
		};
/* End PBXReferenceProxy section */

/* Begin PBXShellScriptBuildPhase section */
		CD9E5BDF1A7700D500469462 /* Copy Binaries */ = {
			isa = PBXShellScriptBuildPhase;
			buildActionMask = 2147483647;
			files = (
			);
			inputPaths = (
			);
			name = "Copy Binaries";
			outputPaths = (
			);
			runOnlyForDeploymentPostprocessing = 0;
			shellPath = /bin/sh;
			shellScript = "OSX_BIN=../../bin/osx\nmkdir -p $OSX_BIN\ncp -a \"${TARGET_BUILD_DIR}/${TARGET_NAME}\" $OSX_BIN";
		};
/* End PBXShellScriptBuildPhase section */

/* Begin PBXSourcesBuildPhase section */
		0300CF58140DC53C00ABCC5B /* Sources */ = {
			isa = PBXSourcesBuildPhase;
			buildActionMask = 2147483647;
			files = (
				7AF6C4FF1F8FBD8800E6EB84 /* SDLKeyCodeMapping.cpp in Sources */,
				7AF6C4FD1F8FBD8800E6EB84 /* SDLHostMain.cpp in Sources */,
				7AF6C4FE1F8FBD8800E6EB84 /* SDLJoystick.cpp in Sources */,
				CDA6331D1A390CFB00F3995F /* aku_modules.cpp in Sources */,
				7AF6C4FC1F8FBD8800E6EB84 /* SDLHost.cpp in Sources */,
				CDA6331C1A390CFB00F3995F /* aku_modules_util.cpp in Sources */,
				7AF6C4FB1F8FBD8800E6EB84 /* SDLHost-osx.mm in Sources */,
			);
			runOnlyForDeploymentPostprocessing = 0;
		};
/* End PBXSourcesBuildPhase section */

/* Begin PBXTargetDependency section */
		20662B571C53A024004D0132 /* PBXTargetDependency */ = {
			isa = PBXTargetDependency;
			name = "libmoai-osx-fmod-studio";
			targetProxy = 20662B561C53A024004D0132 /* PBXContainerItemProxy */;
		};
/* End PBXTargetDependency section */

/* Begin XCBuildConfiguration section */
		0300CF6C140DC53C00ABCC5B /* Debug */ = {
			isa = XCBuildConfiguration;
			buildSettings = {
				GCC_C_LANGUAGE_STANDARD = gnu99;
				GCC_ENABLE_OBJC_EXCEPTIONS = NO;
				GCC_OPTIMIZATION_LEVEL = 0;
				GCC_PREPROCESSOR_DEFINITIONS = (
					_DEBUG,
					DEBUG,
					POSIX,
					MACOSX,
					SQLITE_ENABLE_COLUMN_METADATA,
					SQLITE_ENABLE_FTS3,
					SQLITE_ENABLE_FTS3_PARENTHESIS,
					TIXML_USE_STL,
					HAVE_MEMMOVE,
					XML_STATIC,
					FT_DEBUG_LEVEL_ERROR,
					FT_DEBUG_LEVEL_TRACE,
					FT2_BUILD_LIBRARY,
					DARWIN_NO_CARBON,
					"AKU_WITH_APPLE=1",
					"AKU_WITH_HARFBUZZ=1",
					"AKU_WITH_HTTP_SERVER=1",
					"AKU_WITH_SDL=1",
					"AKU_WITH_ASSIMP=1",
				);
				LIBRARY_SEARCH_PATHS = (
					"$(inherited)",
					"$(USER_LIBRARY_DIR)/Developer/Xcode/DerivedData/moai-osx-ecrwhyikmcmgeveilibjvyrflhgl/Build/Products/Debug",
				);
				MACOSX_DEPLOYMENT_TARGET = 10.10;
				PRODUCT_NAME = "$(TARGET_NAME)";
			};
			name = Debug;
		};
		0300CF6D140DC53C00ABCC5B /* Release */ = {
			isa = XCBuildConfiguration;
			buildSettings = {
				GCC_C_LANGUAGE_STANDARD = gnu99;
				GCC_ENABLE_OBJC_EXCEPTIONS = NO;
				GCC_PREPROCESSOR_DEFINITIONS = (
					NDEBUG,
					POSIX,
					MACOSX,
					SQLITE_ENABLE_COLUMN_METADATA,
					TIXML_USE_STL,
					ENABLE_CUSTOM_WEBVIEW,
					HAVE_MEMMOVE,
					XML_STATIC,
					FT2_BUILD_LIBRARY,
					DARWIN_NO_CARBON,
					"AKU_WITH_APPLE=1",
					"AKU_WITH_HARFBUZZ=1",
					"AKU_WITH_HTTP_SERVER=1",
					"AKU_WITH_SDL=1",
					"AKU_WITH_ASSIMP=1",
				);
				LIBRARY_SEARCH_PATHS = (
					"$(inherited)",
					"$(USER_LIBRARY_DIR)/Developer/Xcode/DerivedData/moai-osx-ecrwhyikmcmgeveilibjvyrflhgl/Build/Products/Debug",
				);
				MACOSX_DEPLOYMENT_TARGET = 10.10;
				PRODUCT_NAME = "$(TARGET_NAME)";
			};
			name = Release;
		};
		03B080970F708135005CD8E5 /* Release */ = {
			isa = XCBuildConfiguration;
			buildSettings = {
				CLANG_CXX_LIBRARY = "compiler-default";
				GCC_ENABLE_CPP_EXCEPTIONS = NO;
				GCC_ENABLE_CPP_RTTI = NO;
				GCC_OBJC_CALL_CXX_CDTORS = YES;
				GCC_PREPROCESSOR_DEFINITIONS = (
					NDEBUG,
					POSIX,
					MACOSX,
					SQLITE_ENABLE_COLUMN_METADATA,
					TIXML_USE_STL,
					ENABLE_CUSTOM_WEBVIEW,
					HAVE_MEMMOVE,
					XML_STATIC,
					FT2_BUILD_LIBRARY,
					DARWIN_NO_CARBON,
					"AKU_WITH_APPLE=1",
					"AKU_WITH_HARFBUZZ=1",
					"AKU_WITH_HTTP_SERVER=1",
					"AKU_WITH_SDL=1",
					"AKU_WITH_ASSIMP=1",
				);
				GCC_TREAT_IMPLICIT_FUNCTION_DECLARATIONS_AS_ERRORS = NO;
				GCC_WARN_64_TO_32_BIT_CONVERSION = YES;
				GCC_WARN_ABOUT_MISSING_FIELD_INITIALIZERS = YES;
				GCC_WARN_ABOUT_MISSING_NEWLINE = NO;
				GCC_WARN_ABOUT_MISSING_PROTOTYPES = YES;
				GCC_WARN_ABOUT_RETURN_TYPE = YES;
				GCC_WARN_HIDDEN_VIRTUAL_FUNCTIONS = YES;
				GCC_WARN_MISSING_PARENTHESES = YES;
				GCC_WARN_NON_VIRTUAL_DESTRUCTOR = YES;
				GCC_WARN_PEDANTIC = NO;
				GCC_WARN_PROTOTYPE_CONVERSION = YES;
				GCC_WARN_SHADOW = YES;
				GCC_WARN_SIGN_COMPARE = YES;
				GCC_WARN_UNINITIALIZED_AUTOS = NO;
				GCC_WARN_UNKNOWN_PRAGMAS = YES;
				GCC_WARN_UNUSED_FUNCTION = YES;
				GCC_WARN_UNUSED_LABEL = YES;
				GCC_WARN_UNUSED_PARAMETER = YES;
				GCC_WARN_UNUSED_VALUE = YES;
				GCC_WARN_UNUSED_VARIABLE = YES;
				HEADER_SEARCH_PATHS = (
					"\"../../src\"",
					"\"../../src/config\"",
					"\"../../src/config-default\"",
					"\"../../3rdparty/sdl2-2.0.5/include\"",
				);
				LIBRARY_SEARCH_PATHS = "\"../../3rdparty/fmod-studio/lib/osx\"";
				SDKROOT = macosx;
				SKIP_INSTALL = YES;
				WARNING_CFLAGS = "-Wall";
			};
			name = Release;
		};
		C01FCF4F08A954540054247B /* Debug */ = {
			isa = XCBuildConfiguration;
			buildSettings = {
				CLANG_CXX_LIBRARY = "compiler-default";
				GCC_ENABLE_CPP_EXCEPTIONS = NO;
				GCC_ENABLE_CPP_RTTI = NO;
				GCC_OBJC_CALL_CXX_CDTORS = YES;
				GCC_PREPROCESSOR_DEFINITIONS = (
					_DEBUG,
					DEBUG,
					POSIX,
					MACOSX,
					SQLITE_ENABLE_COLUMN_METADATA,
					SQLITE_ENABLE_FTS3,
					SQLITE_ENABLE_FTS3_PARENTHESIS,
					TIXML_USE_STL,
					HAVE_MEMMOVE,
					XML_STATIC,
					FT_DEBUG_LEVEL_ERROR,
					FT_DEBUG_LEVEL_TRACE,
					FT2_BUILD_LIBRARY,
					DARWIN_NO_CARBON,
					"AKU_WITH_APPLE=1",
					"AKU_WITH_HARFBUZZ=1",
					"AKU_WITH_HTTP_SERVER=1",
					"AKU_WITH_SDL=1",
					"AKU_WITH_ASSIMP=1",
				);
				GCC_TREAT_IMPLICIT_FUNCTION_DECLARATIONS_AS_ERRORS = NO;
				GCC_WARN_64_TO_32_BIT_CONVERSION = YES;
				GCC_WARN_ABOUT_MISSING_FIELD_INITIALIZERS = YES;
				GCC_WARN_ABOUT_MISSING_NEWLINE = NO;
				GCC_WARN_ABOUT_MISSING_PROTOTYPES = YES;
				GCC_WARN_ABOUT_RETURN_TYPE = YES;
				GCC_WARN_HIDDEN_VIRTUAL_FUNCTIONS = YES;
				GCC_WARN_MISSING_PARENTHESES = YES;
				GCC_WARN_NON_VIRTUAL_DESTRUCTOR = YES;
				GCC_WARN_PEDANTIC = NO;
				GCC_WARN_PROTOTYPE_CONVERSION = YES;
				GCC_WARN_SHADOW = YES;
				GCC_WARN_SIGN_COMPARE = YES;
				GCC_WARN_UNINITIALIZED_AUTOS = NO;
				GCC_WARN_UNKNOWN_PRAGMAS = YES;
				GCC_WARN_UNUSED_FUNCTION = YES;
				GCC_WARN_UNUSED_LABEL = YES;
				GCC_WARN_UNUSED_PARAMETER = YES;
				GCC_WARN_UNUSED_VALUE = YES;
				GCC_WARN_UNUSED_VARIABLE = YES;
				HEADER_SEARCH_PATHS = (
					"\"../../src\"",
					"\"../../src/config\"",
					"\"../../src/config-default\"",
					"\"../../3rdparty/sdl2-2.0.5/include\"",
				);
				LIBRARY_SEARCH_PATHS = "\"../../3rdparty/fmod-studio/lib/osx\"";
				ONLY_ACTIVE_ARCH = YES;
				SDKROOT = macosx;
				SKIP_INSTALL = YES;
				WARNING_CFLAGS = "-Wall";
			};
			name = Debug;
		};
/* End XCBuildConfiguration section */

/* Begin XCConfigurationList section */
		0300CF6B140DC53C00ABCC5B /* Build configuration list for PBXNativeTarget "moai" */ = {
			isa = XCConfigurationList;
			buildConfigurations = (
				0300CF6C140DC53C00ABCC5B /* Debug */,
				0300CF6D140DC53C00ABCC5B /* Release */,
			);
			defaultConfigurationIsVisible = 0;
			defaultConfigurationName = Debug;
		};
		C01FCF4E08A954540054247B /* Build configuration list for PBXProject "moai-osx" */ = {
			isa = XCConfigurationList;
			buildConfigurations = (
				C01FCF4F08A954540054247B /* Debug */,
				03B080970F708135005CD8E5 /* Release */,
			);
			defaultConfigurationIsVisible = 0;
			defaultConfigurationName = Debug;
		};
/* End XCConfigurationList section */
	};
	rootObject = 29B97313FDCFA39411CA2CEA /* Project object */;
}
