// !$*UTF8*$!
{
	archiveVersion = 1;
	classes = {
	};
	objectVersion = 46;
	objects = {

/* Begin PBXBuildFile section */
		0300CF5F140DC53C00ABCC5B /* libSystem.dylib in Frameworks */ = {isa = PBXBuildFile; fileRef = 0324CC63135643FD000ADC60 /* libSystem.dylib */; };
		0300CF66140DC53C00ABCC5B /* CoreFoundation.framework in Frameworks */ = {isa = PBXBuildFile; fileRef = 07CC7AF913DF7E9B00F2DEDE /* CoreFoundation.framework */; };
		0300CF67140DC53C00ABCC5B /* Carbon.framework in Frameworks */ = {isa = PBXBuildFile; fileRef = 07CC7AFF13DF7EF200F2DEDE /* Carbon.framework */; };
		0300CF68140DC53C00ABCC5B /* IOKit.framework in Frameworks */ = {isa = PBXBuildFile; fileRef = 07CC7B0613DF7F0F00F2DEDE /* IOKit.framework */; };
		0300CF7B140DC61000ABCC5B /* AudioToolbox.framework in Frameworks */ = {isa = PBXBuildFile; fileRef = 0300CF7A140DC61000ABCC5B /* AudioToolbox.framework */; };
		0300CF94140DC65100ABCC5B /* AudioUnit.framework in Frameworks */ = {isa = PBXBuildFile; fileRef = 0300CF93140DC65100ABCC5B /* AudioUnit.framework */; };
		200159311E2A47BD00C4B645 /* SDLGameController.cpp in Sources */ = {isa = PBXBuildFile; fileRef = 2001592F1E2A47BD00C4B645 /* SDLGameController.cpp */; };
		200159331E2A515000C4B645 /* CoreVideo.framework in Frameworks */ = {isa = PBXBuildFile; fileRef = 200159321E2A515000C4B645 /* CoreVideo.framework */; };
		20662B551C53A016004D0132 /* libmoai-osx-fmod-studio.a in Frameworks */ = {isa = PBXBuildFile; fileRef = 20662B501C539EE6004D0132 /* libmoai-osx-fmod-studio.a */; };
		20662B611C53A139004D0132 /* libfmod.dylib in Frameworks */ = {isa = PBXBuildFile; fileRef = 20662B601C53A139004D0132 /* libfmod.dylib */; };
		4C623B6415246B10008E4436 /* Foundation.framework in Frameworks */ = {isa = PBXBuildFile; fileRef = 4C623B6315246B10008E4436 /* Foundation.framework */; };
		4C623B6615246B25008E4436 /* CoreServices.framework in Frameworks */ = {isa = PBXBuildFile; fileRef = 4C623B6515246B25008E4436 /* CoreServices.framework */; };
		7A00E71A1F8D21F500D672E5 /* SDLImGuiHelper.cpp in Sources */ = {isa = PBXBuildFile; fileRef = 7A00E7181F8D21F500D672E5 /* SDLImGuiHelper.cpp */; };
		CD1845BD1A626F0300FCCCE0 /* SystemConfiguration.framework in Frameworks */ = {isa = PBXBuildFile; fileRef = CD1845BC1A626F0300FCCCE0 /* SystemConfiguration.framework */; };
		CD323B081A8040CB00E2FEBB /* SDLKeyCodeMapping.cpp in Sources */ = {isa = PBXBuildFile; fileRef = CD323B051A8040CB00E2FEBB /* SDLKeyCodeMapping.cpp */; };
		CD6600661831CB5400D9862B /* OpenGL.framework in Frameworks */ = {isa = PBXBuildFile; fileRef = CD6600651831CB5400D9862B /* OpenGL.framework */; };
		CD795EF217F08E4B006AEB47 /* Cocoa.framework in Frameworks */ = {isa = PBXBuildFile; fileRef = CD795EF117F08E4B006AEB47 /* Cocoa.framework */; };
		CD795EF417F08F4E006AEB47 /* CoreAudio.framework in Frameworks */ = {isa = PBXBuildFile; fileRef = CD795EF317F08F4E006AEB47 /* CoreAudio.framework */; };
		CD795EF617F08F86006AEB47 /* ForceFeedback.framework in Frameworks */ = {isa = PBXBuildFile; fileRef = CD795EF517F08F86006AEB47 /* ForceFeedback.framework */; };
		CDA633141A390CE000F3995F /* SDLHost.cpp in Sources */ = {isa = PBXBuildFile; fileRef = CDA633101A390CE000F3995F /* SDLHost.cpp */; };
		CDA633151A390CE000F3995F /* SDLHostMain.cpp in Sources */ = {isa = PBXBuildFile; fileRef = CDA633121A390CE000F3995F /* SDLHostMain.cpp */; };
		CDA6331C1A390CFB00F3995F /* aku_modules_util.cpp in Sources */ = {isa = PBXBuildFile; fileRef = CDA633181A390CFB00F3995F /* aku_modules_util.cpp */; };
		CDA6331D1A390CFB00F3995F /* aku_modules.cpp in Sources */ = {isa = PBXBuildFile; fileRef = CDA6331A1A390CFB00F3995F /* aku_modules.cpp */; };
/* End PBXBuildFile section */

/* Begin PBXContainerItemProxy section */
		20662B451C539EE6004D0132 /* PBXContainerItemProxy */ = {
			isa = PBXContainerItemProxy;
			containerPortal = 20662B371C539EE4004D0132 /* cloudteam.xcodeproj */;
			proxyType = 2;
			remoteGlobalIDString = 203DA5871BDF92C700EC109A;
			remoteInfo = "libmoai-ios-crashlytics";
		};
		20662B471C539EE6004D0132 /* PBXContainerItemProxy */ = {
			isa = PBXContainerItemProxy;
			containerPortal = 20662B371C539EE4004D0132 /* cloudteam.xcodeproj */;
			proxyType = 2;
			remoteGlobalIDString = 206B9D1A1BDE37C80021D349;
			remoteInfo = "libmoai-ios-ct-util";
		};
		20662B491C539EE6004D0132 /* PBXContainerItemProxy */ = {
			isa = PBXContainerItemProxy;
			containerPortal = 20662B371C539EE4004D0132 /* cloudteam.xcodeproj */;
			proxyType = 2;
			remoteGlobalIDString = 206B9B071BDAB53D0021D349;
			remoteInfo = "libmoai-ios-fmod-studio";
		};
		20662B4B1C539EE6004D0132 /* PBXContainerItemProxy */ = {
			isa = PBXContainerItemProxy;
			containerPortal = 20662B371C539EE4004D0132 /* cloudteam.xcodeproj */;
			proxyType = 2;
			remoteGlobalIDString = 206B9ACF1BDAB5000021D349;
			remoteInfo = "libmoai-ios-spine";
		};
		20662B4D1C539EE6004D0132 /* PBXContainerItemProxy */ = {
			isa = PBXContainerItemProxy;
			containerPortal = 20662B371C539EE4004D0132 /* cloudteam.xcodeproj */;
			proxyType = 2;
			remoteGlobalIDString = 2090B66B1BEBA40A0057A676;
			remoteInfo = "libmoai-ios-unityads";
		};
		20662B4F1C539EE6004D0132 /* PBXContainerItemProxy */ = {
			isa = PBXContainerItemProxy;
			containerPortal = 20662B371C539EE4004D0132 /* cloudteam.xcodeproj */;
			proxyType = 2;
			remoteGlobalIDString = 206B9B111BDAB53F0021D349;
			remoteInfo = "libmoai-osx-fmod-studio";
		};
		20662B511C539EE6004D0132 /* PBXContainerItemProxy */ = {
			isa = PBXContainerItemProxy;
			containerPortal = 20662B371C539EE4004D0132 /* cloudteam.xcodeproj */;
			proxyType = 2;
			remoteGlobalIDString = 206B9AC51BDAB4F60021D349;
			remoteInfo = "libmoai-osx-spine";
		};
		20662B531C539EE6004D0132 /* PBXContainerItemProxy */ = {
			isa = PBXContainerItemProxy;
			containerPortal = 20662B371C539EE4004D0132 /* cloudteam.xcodeproj */;
			proxyType = 2;
			remoteGlobalIDString = 206B9D2C1BDE37CA0021D349;
			remoteInfo = "libmoai-osx-ct-util";
		};
		20662B561C53A024004D0132 /* PBXContainerItemProxy */ = {
			isa = PBXContainerItemProxy;
			containerPortal = 20662B371C539EE4004D0132 /* cloudteam.xcodeproj */;
			proxyType = 1;
			remoteGlobalIDString = 206B9B081BDAB53F0021D349;
			remoteInfo = "libmoai-osx-fmod-studio";
		};
		20FD8C591D12C1DD006587F8 /* PBXContainerItemProxy */ = {
			isa = PBXContainerItemProxy;
			containerPortal = 20662B371C539EE4004D0132 /* cloudteam.xcodeproj */;
			proxyType = 2;
			remoteGlobalIDString = 2049B9541CAA8C8B005B83B3;
			remoteInfo = "libmoai-ios-adtoapp";
		};
		7A00E7281F8D21F600D672E5 /* PBXContainerItemProxy */ = {
			isa = PBXContainerItemProxy;
			containerPortal = 20662B371C539EE4004D0132 /* cloudteam.xcodeproj */;
			proxyType = 2;
			remoteGlobalIDString = 7A00DD1F1F8BDCB500D672E5;
			remoteInfo = "libmoai-osx-imgui";
		};
		7A00E72A1F8D21F600D672E5 /* PBXContainerItemProxy */ = {
			isa = PBXContainerItemProxy;
			containerPortal = 20662B371C539EE4004D0132 /* cloudteam.xcodeproj */;
			proxyType = 2;
			remoteGlobalIDString = 7A00DD291F8BDCCA00D672E5;
			remoteInfo = "libmoai-osx-assimp";
		};
		7A00E72C1F8D21F600D672E5 /* PBXContainerItemProxy */ = {
			isa = PBXContainerItemProxy;
			containerPortal = 20662B371C539EE4004D0132 /* cloudteam.xcodeproj */;
			proxyType = 2;
			remoteGlobalIDString = 7A00E6B21F8CEC3300D672E5;
			remoteInfo = "libmoai-osx-3rdparty-assimp";
		};
/* End PBXContainerItemProxy section */

/* Begin PBXFileReference section */
		0300CF70140DC56200ABCC5B /* moai */ = {isa = PBXFileReference; explicitFileType = "compiled.mach-o.executable"; includeInIndex = 0; path = moai; sourceTree = BUILT_PRODUCTS_DIR; };
		0300CF7A140DC61000ABCC5B /* AudioToolbox.framework */ = {isa = PBXFileReference; lastKnownFileType = wrapper.framework; name = AudioToolbox.framework; path = /System/Library/Frameworks/AudioToolbox.framework; sourceTree = "<absolute>"; };
		0300CF93140DC65100ABCC5B /* AudioUnit.framework */ = {isa = PBXFileReference; lastKnownFileType = wrapper.framework; name = AudioUnit.framework; path = /System/Library/Frameworks/AudioUnit.framework; sourceTree = "<absolute>"; };
		0324CC63135643FD000ADC60 /* libSystem.dylib */ = {isa = PBXFileReference; lastKnownFileType = "compiled.mach-o.dylib"; name = libSystem.dylib; path = /usr/lib/libSystem.dylib; sourceTree = "<absolute>"; };
		07CC7AF913DF7E9B00F2DEDE /* CoreFoundation.framework */ = {isa = PBXFileReference; lastKnownFileType = wrapper.framework; name = CoreFoundation.framework; path = /System/Library/Frameworks/CoreFoundation.framework; sourceTree = "<absolute>"; };
		07CC7AFF13DF7EF200F2DEDE /* Carbon.framework */ = {isa = PBXFileReference; lastKnownFileType = wrapper.framework; name = Carbon.framework; path = /System/Library/Frameworks/Carbon.framework; sourceTree = "<absolute>"; };
		07CC7B0613DF7F0F00F2DEDE /* IOKit.framework */ = {isa = PBXFileReference; lastKnownFileType = wrapper.framework; name = IOKit.framework; path = /System/Library/Frameworks/IOKit.framework; sourceTree = "<absolute>"; };
		2001592F1E2A47BD00C4B645 /* SDLGameController.cpp */ = {isa = PBXFileReference; fileEncoding = 4; lastKnownFileType = sourcecode.cpp.cpp; name = SDLGameController.cpp; path = "../../src/host-sdl/SDLGameController.cpp"; sourceTree = "<group>"; };
		200159301E2A47BD00C4B645 /* SDLGameController.h */ = {isa = PBXFileReference; fileEncoding = 4; lastKnownFileType = sourcecode.c.h; name = SDLGameController.h; path = "../../src/host-sdl/SDLGameController.h"; sourceTree = "<group>"; };
		200159321E2A515000C4B645 /* CoreVideo.framework */ = {isa = PBXFileReference; lastKnownFileType = wrapper.framework; name = CoreVideo.framework; path = System/Library/Frameworks/CoreVideo.framework; sourceTree = SDKROOT; };
		20662B371C539EE4004D0132 /* cloudteam.xcodeproj */ = {isa = PBXFileReference; lastKnownFileType = "wrapper.pb-project"; name = cloudteam.xcodeproj; path = ../libmoai/cloudteam.xcodeproj; sourceTree = "<group>"; };
		20662B601C53A139004D0132 /* libfmod.dylib */ = {isa = PBXFileReference; lastKnownFileType = "compiled.mach-o.dylib"; name = libfmod.dylib; path = "../../3rdparty/fmod-studio/lib/osx/libfmod.dylib"; sourceTree = "<group>"; };
		4C623B6315246B10008E4436 /* Foundation.framework */ = {isa = PBXFileReference; lastKnownFileType = wrapper.framework; name = Foundation.framework; path = /System/Library/Frameworks/Foundation.framework; sourceTree = "<absolute>"; };
		4C623B6515246B25008E4436 /* CoreServices.framework */ = {isa = PBXFileReference; lastKnownFileType = wrapper.framework; name = CoreServices.framework; path = /System/Library/Frameworks/CoreServices.framework; sourceTree = "<absolute>"; };
		66D9680B14047B7100017919 /* libz.dylib */ = {isa = PBXFileReference; lastKnownFileType = "compiled.mach-o.dylib"; name = libz.dylib; path = ../../../../../../../usr/lib/libz.dylib; sourceTree = "<group>"; };
		7A00E7181F8D21F500D672E5 /* SDLImGuiHelper.cpp */ = {isa = PBXFileReference; fileEncoding = 4; lastKnownFileType = sourcecode.cpp.cpp; name = SDLImGuiHelper.cpp; path = "../../src/host-sdl/SDLImGuiHelper.cpp"; sourceTree = "<group>"; };
		7A00E7191F8D21F500D672E5 /* SDLImGuiHelper.h */ = {isa = PBXFileReference; fileEncoding = 4; lastKnownFileType = sourcecode.c.h; name = SDLImGuiHelper.h; path = "../../src/host-sdl/SDLImGuiHelper.h"; sourceTree = "<group>"; };
		CD1845BC1A626F0300FCCCE0 /* SystemConfiguration.framework */ = {isa = PBXFileReference; lastKnownFileType = wrapper.framework; name = SystemConfiguration.framework; path = System/Library/Frameworks/SystemConfiguration.framework; sourceTree = SDKROOT; };
		CD323B051A8040CB00E2FEBB /* SDLKeyCodeMapping.cpp */ = {isa = PBXFileReference; fileEncoding = 4; lastKnownFileType = sourcecode.cpp.cpp; name = SDLKeyCodeMapping.cpp; path = "../../src/host-sdl/SDLKeyCodeMapping.cpp"; sourceTree = "<group>"; };
		CD323B061A8040CB00E2FEBB /* SDLKeyCodeMapping.h */ = {isa = PBXFileReference; fileEncoding = 4; lastKnownFileType = sourcecode.c.h; name = SDLKeyCodeMapping.h; path = "../../src/host-sdl/SDLKeyCodeMapping.h"; sourceTree = "<group>"; };
		CD6600651831CB5400D9862B /* OpenGL.framework */ = {isa = PBXFileReference; lastKnownFileType = wrapper.framework; name = OpenGL.framework; path = System/Library/Frameworks/OpenGL.framework; sourceTree = SDKROOT; };
		CD74EA2B137807E40093EE68 /* libcrypto.dylib */ = {isa = PBXFileReference; lastKnownFileType = "compiled.mach-o.dylib"; name = libcrypto.dylib; path = /usr/lib/libcrypto.dylib; sourceTree = "<absolute>"; };
		CD74EA311378080E0093EE68 /* libssl.dylib */ = {isa = PBXFileReference; lastKnownFileType = "compiled.mach-o.dylib"; name = libssl.dylib; path = /usr/lib/libssl.dylib; sourceTree = "<absolute>"; };
		CD795EF117F08E4B006AEB47 /* Cocoa.framework */ = {isa = PBXFileReference; lastKnownFileType = wrapper.framework; name = Cocoa.framework; path = /System/Library/Frameworks/Cocoa.framework; sourceTree = "<absolute>"; };
		CD795EF317F08F4E006AEB47 /* CoreAudio.framework */ = {isa = PBXFileReference; lastKnownFileType = wrapper.framework; name = CoreAudio.framework; path = /System/Library/Frameworks/CoreAudio.framework; sourceTree = "<absolute>"; };
		CD795EF517F08F86006AEB47 /* ForceFeedback.framework */ = {isa = PBXFileReference; lastKnownFileType = wrapper.framework; name = ForceFeedback.framework; path = /System/Library/Frameworks/ForceFeedback.framework; sourceTree = "<absolute>"; };
		CDA633101A390CE000F3995F /* SDLHost.cpp */ = {isa = PBXFileReference; fileEncoding = 4; lastKnownFileType = sourcecode.cpp.cpp; name = SDLHost.cpp; path = "../../src/host-sdl/SDLHost.cpp"; sourceTree = "<group>"; };
		CDA633111A390CE000F3995F /* SDLHost.h */ = {isa = PBXFileReference; fileEncoding = 4; lastKnownFileType = sourcecode.c.h; name = SDLHost.h; path = "../../src/host-sdl/SDLHost.h"; sourceTree = "<group>"; };
		CDA633121A390CE000F3995F /* SDLHostMain.cpp */ = {isa = PBXFileReference; fileEncoding = 4; lastKnownFileType = sourcecode.cpp.cpp; name = SDLHostMain.cpp; path = "../../src/host-sdl/SDLHostMain.cpp"; sourceTree = "<group>"; };
		CDA633161A390CFB00F3995F /* aku_modules_config.h */ = {isa = PBXFileReference; fileEncoding = 4; lastKnownFileType = sourcecode.c.h; name = aku_modules_config.h; path = "../../src/host-modules/aku_modules_config.h"; sourceTree = "<group>"; };
		CDA633181A390CFB00F3995F /* aku_modules_util.cpp */ = {isa = PBXFileReference; fileEncoding = 4; lastKnownFileType = sourcecode.cpp.cpp; name = aku_modules_util.cpp; path = "../../src/host-modules/aku_modules_util.cpp"; sourceTree = "<group>"; };
		CDA633191A390CFB00F3995F /* aku_modules_util.h */ = {isa = PBXFileReference; fileEncoding = 4; lastKnownFileType = sourcecode.c.h; name = aku_modules_util.h; path = "../../src/host-modules/aku_modules_util.h"; sourceTree = "<group>"; };
		CDA6331A1A390CFB00F3995F /* aku_modules.cpp */ = {isa = PBXFileReference; fileEncoding = 4; lastKnownFileType = sourcecode.cpp.cpp; name = aku_modules.cpp; path = "../../src/host-modules/aku_modules.cpp"; sourceTree = "<group>"; };
		CDA6331B1A390CFB00F3995F /* aku_modules.h */ = {isa = PBXFileReference; fileEncoding = 4; lastKnownFileType = sourcecode.c.h; name = aku_modules.h; path = "../../src/host-modules/aku_modules.h"; sourceTree = "<group>"; };
/* End PBXFileReference section */

/* Begin PBXFrameworksBuildPhase section */
		0300CF5C140DC53C00ABCC5B /* Frameworks */ = {
			isa = PBXFrameworksBuildPhase;
			buildActionMask = 2147483647;
			files = (
				200159331E2A515000C4B645 /* CoreVideo.framework in Frameworks */,
				20662B611C53A139004D0132 /* libfmod.dylib in Frameworks */,
				20662B551C53A016004D0132 /* libmoai-osx-fmod-studio.a in Frameworks */,
				0300CF5F140DC53C00ABCC5B /* libSystem.dylib in Frameworks */,
				0300CF7B140DC61000ABCC5B /* AudioToolbox.framework in Frameworks */,
				0300CF94140DC65100ABCC5B /* AudioUnit.framework in Frameworks */,
				0300CF67140DC53C00ABCC5B /* Carbon.framework in Frameworks */,
				CD795EF217F08E4B006AEB47 /* Cocoa.framework in Frameworks */,
				CD795EF417F08F4E006AEB47 /* CoreAudio.framework in Frameworks */,
				0300CF66140DC53C00ABCC5B /* CoreFoundation.framework in Frameworks */,
				4C623B6615246B25008E4436 /* CoreServices.framework in Frameworks */,
				CD795EF617F08F86006AEB47 /* ForceFeedback.framework in Frameworks */,
				4C623B6415246B10008E4436 /* Foundation.framework in Frameworks */,
				0300CF68140DC53C00ABCC5B /* IOKit.framework in Frameworks */,
				CD6600661831CB5400D9862B /* OpenGL.framework in Frameworks */,
				CD1845BD1A626F0300FCCCE0 /* SystemConfiguration.framework in Frameworks */,
			);
			runOnlyForDeploymentPostprocessing = 0;
		};
/* End PBXFrameworksBuildPhase section */

/* Begin PBXGroup section */
		038DB6D7101FAA6700ECA0BF /* Products */ = {
			isa = PBXGroup;
			children = (
				0300CF70140DC56200ABCC5B /* moai */,
			);
			name = Products;
			sourceTree = "<group>";
		};
		20662B381C539EE4004D0132 /* Products */ = {
			isa = PBXGroup;
			children = (
				20FD8C5A1D12C1DD006587F8 /* libmoai_ios_adtoapp.a */,
				20662B461C539EE6004D0132 /* libmoai-ios-crashlytics.a */,
				20662B481C539EE6004D0132 /* libmoai-ios-ct-util.a */,
				20662B4A1C539EE6004D0132 /* libmoai-ios-fmod-studio.a */,
				20662B4E1C539EE6004D0132 /* libmoai-ios-unityads.a */,
				20662B501C539EE6004D0132 /* libmoai-osx-fmod-studio.a */,
				20662B541C539EE6004D0132 /* libmoai-osx-ct-util.a */,
				20662B521C539EE6004D0132 /* libmoai-osx-spine.a */,
				20662B4C1C539EE6004D0132 /* libmoai-ios-spine.a */,
				7A00E7291F8D21F600D672E5 /* libmoai-osx-imgui.a */,
				7A00E72B1F8D21F600D672E5 /* libmoai-osx-assimp.a */,
				7A00E72D1F8D21F600D672E5 /* libmoai-osx-3rdparty-assimp.a */,
			);
			name = Products;
			sourceTree = "<group>";
		};
		29B97314FDCFA39411CA2CEA /* CustomTemplate */ = {
			isa = PBXGroup;
			children = (
				20662B371C539EE4004D0132 /* cloudteam.xcodeproj */,
				CDA6330D1A390CBC00F3995F /* host-sdl */,
				CD2FDE8613542E9F00B814DF /* Frameworks */,
				038DB6D7101FAA6700ECA0BF /* Products */,
			);
			name = CustomTemplate;
			sourceTree = "<group>";
			usesTabs = 1;
		};
		CD2FDE8613542E9F00B814DF /* Frameworks */ = {
			isa = PBXGroup;
			children = (
				20662B601C53A139004D0132 /* libfmod.dylib */,
				CD74EA2B137807E40093EE68 /* libcrypto.dylib */,
				CD74EA311378080E0093EE68 /* libssl.dylib */,
				0324CC63135643FD000ADC60 /* libSystem.dylib */,
				66D9680B14047B7100017919 /* libz.dylib */,
				CD1845BC1A626F0300FCCCE0 /* SystemConfiguration.framework */,
				200159321E2A515000C4B645 /* CoreVideo.framework */,
				CD795EF117F08E4B006AEB47 /* Cocoa.framework */,
				CD795EF317F08F4E006AEB47 /* CoreAudio.framework */,
				4C623B6515246B25008E4436 /* CoreServices.framework */,
				CD795EF517F08F86006AEB47 /* ForceFeedback.framework */,
				4C623B6315246B10008E4436 /* Foundation.framework */,
				07CC7AF913DF7E9B00F2DEDE /* CoreFoundation.framework */,
				07CC7AFF13DF7EF200F2DEDE /* Carbon.framework */,
				07CC7B0613DF7F0F00F2DEDE /* IOKit.framework */,
				0300CF7A140DC61000ABCC5B /* AudioToolbox.framework */,
				0300CF93140DC65100ABCC5B /* AudioUnit.framework */,
				CD6600651831CB5400D9862B /* OpenGL.framework */,
			);
			name = Frameworks;
			sourceTree = "<group>";
		};
		CDA6330D1A390CBC00F3995F /* host-sdl */ = {
			isa = PBXGroup;
			children = (
				CDA633161A390CFB00F3995F /* aku_modules_config.h */,
				CDA633181A390CFB00F3995F /* aku_modules_util.cpp */,
				CDA633191A390CFB00F3995F /* aku_modules_util.h */,
				CDA6331A1A390CFB00F3995F /* aku_modules.cpp */,
				CDA6331B1A390CFB00F3995F /* aku_modules.h */,
				2001592F1E2A47BD00C4B645 /* SDLGameController.cpp */,
				200159301E2A47BD00C4B645 /* SDLGameController.h */,
				CDA633101A390CE000F3995F /* SDLHost.cpp */,
				CDA633111A390CE000F3995F /* SDLHost.h */,
				CDA633121A390CE000F3995F /* SDLHostMain.cpp */,
				7A00E7181F8D21F500D672E5 /* SDLImGuiHelper.cpp */,
				7A00E7191F8D21F500D672E5 /* SDLImGuiHelper.h */,
				CD323B051A8040CB00E2FEBB /* SDLKeyCodeMapping.cpp */,
				CD323B061A8040CB00E2FEBB /* SDLKeyCodeMapping.h */,
			);
			name = "host-sdl";
			sourceTree = "<group>";
		};
/* End PBXGroup section */

/* Begin PBXNativeTarget section */
		0300CF4F140DC53C00ABCC5B /* moai */ = {
			isa = PBXNativeTarget;
			buildConfigurationList = 0300CF6B140DC53C00ABCC5B /* Build configuration list for PBXNativeTarget "moai" */;
			buildPhases = (
				0300CF58140DC53C00ABCC5B /* Sources */,
				0300CF5C140DC53C00ABCC5B /* Frameworks */,
				CD9E5BDF1A7700D500469462 /* Copy Binaries */,
			);
			buildRules = (
			);
			dependencies = (
				20662B571C53A024004D0132 /* PBXTargetDependency */,
			);
			name = moai;
			productName = moai;
			productReference = 0300CF70140DC56200ABCC5B /* moai */;
			productType = "com.apple.product-type.tool";
		};
/* End PBXNativeTarget section */

/* Begin PBXProject section */
		29B97313FDCFA39411CA2CEA /* Project object */ = {
			isa = PBXProject;
			attributes = {
				BuildIndependentTargetsInParallel = NO;
				LastUpgradeCheck = 0640;
			};
			buildConfigurationList = C01FCF4E08A954540054247B /* Build configuration list for PBXProject "moai-osx" */;
			compatibilityVersion = "Xcode 3.2";
			developmentRegion = English;
			hasScannedForEncodings = 1;
			knownRegions = (
				English,
				Japanese,
				French,
				German,
				en,
				de,
				fr,
				nl,
				jp,
				ja,
				sv,
				sk,
				cs,
				it,
			);
			mainGroup = 29B97314FDCFA39411CA2CEA /* CustomTemplate */;
			projectDirPath = "";
			projectReferences = (
				{
					ProductGroup = 20662B381C539EE4004D0132 /* Products */;
					ProjectRef = 20662B371C539EE4004D0132 /* cloudteam.xcodeproj */;
				},
			);
			projectRoot = "";
			targets = (
				0300CF4F140DC53C00ABCC5B /* moai */,
			);
		};
/* End PBXProject section */

/* Begin PBXReferenceProxy section */
		20662B461C539EE6004D0132 /* libmoai-ios-crashlytics.a */ = {
			isa = PBXReferenceProxy;
			fileType = archive.ar;
			path = "libmoai-ios-crashlytics.a";
			remoteRef = 20662B451C539EE6004D0132 /* PBXContainerItemProxy */;
			sourceTree = BUILT_PRODUCTS_DIR;
		};
		20662B481C539EE6004D0132 /* libmoai-ios-ct-util.a */ = {
			isa = PBXReferenceProxy;
			fileType = archive.ar;
			path = "libmoai-ios-ct-util.a";
			remoteRef = 20662B471C539EE6004D0132 /* PBXContainerItemProxy */;
			sourceTree = BUILT_PRODUCTS_DIR;
		};
		20662B4A1C539EE6004D0132 /* libmoai-ios-fmod-studio.a */ = {
			isa = PBXReferenceProxy;
			fileType = archive.ar;
			path = "libmoai-ios-fmod-studio.a";
			remoteRef = 20662B491C539EE6004D0132 /* PBXContainerItemProxy */;
			sourceTree = BUILT_PRODUCTS_DIR;
		};
		20662B4C1C539EE6004D0132 /* libmoai-ios-spine.a */ = {
			isa = PBXReferenceProxy;
			fileType = archive.ar;
			path = "libmoai-ios-spine.a";
			remoteRef = 20662B4B1C539EE6004D0132 /* PBXContainerItemProxy */;
			sourceTree = BUILT_PRODUCTS_DIR;
		};
		20662B4E1C539EE6004D0132 /* libmoai-ios-unityads.a */ = {
			isa = PBXReferenceProxy;
			fileType = archive.ar;
			path = "libmoai-ios-unityads.a";
			remoteRef = 20662B4D1C539EE6004D0132 /* PBXContainerItemProxy */;
			sourceTree = BUILT_PRODUCTS_DIR;
		};
		20662B501C539EE6004D0132 /* libmoai-osx-fmod-studio.a */ = {
			isa = PBXReferenceProxy;
			fileType = archive.ar;
			path = "libmoai-osx-fmod-studio.a";
			remoteRef = 20662B4F1C539EE6004D0132 /* PBXContainerItemProxy */;
			sourceTree = BUILT_PRODUCTS_DIR;
		};
		20662B521C539EE6004D0132 /* libmoai-osx-spine.a */ = {
			isa = PBXReferenceProxy;
			fileType = archive.ar;
			path = "libmoai-osx-spine.a";
			remoteRef = 20662B511C539EE6004D0132 /* PBXContainerItemProxy */;
			sourceTree = BUILT_PRODUCTS_DIR;
		};
		20662B541C539EE6004D0132 /* libmoai-osx-ct-util.a */ = {
			isa = PBXReferenceProxy;
			fileType = archive.ar;
			path = "libmoai-osx-ct-util.a";
			remoteRef = 20662B531C539EE6004D0132 /* PBXContainerItemProxy */;
			sourceTree = BUILT_PRODUCTS_DIR;
		};
		20FD8C5A1D12C1DD006587F8 /* libmoai_ios_adtoapp.a */ = {
			isa = PBXReferenceProxy;
			fileType = archive.ar;
			path = libmoai_ios_adtoapp.a;
			remoteRef = 20FD8C591D12C1DD006587F8 /* PBXContainerItemProxy */;
			sourceTree = BUILT_PRODUCTS_DIR;
		};
		7A00E7291F8D21F600D672E5 /* libmoai-osx-imgui.a */ = {
			isa = PBXReferenceProxy;
			fileType = archive.ar;
			path = "libmoai-osx-imgui.a";
			remoteRef = 7A00E7281F8D21F600D672E5 /* PBXContainerItemProxy */;
			sourceTree = BUILT_PRODUCTS_DIR;
		};
		7A00E72B1F8D21F600D672E5 /* libmoai-osx-assimp.a */ = {
			isa = PBXReferenceProxy;
			fileType = archive.ar;
			path = "libmoai-osx-assimp.a";
			remoteRef = 7A00E72A1F8D21F600D672E5 /* PBXContainerItemProxy */;
			sourceTree = BUILT_PRODUCTS_DIR;
		};
		7A00E72D1F8D21F600D672E5 /* libmoai-osx-3rdparty-assimp.a */ = {
			isa = PBXReferenceProxy;
			fileType = archive.ar;
			path = "libmoai-osx-3rdparty-assimp.a";
			remoteRef = 7A00E72C1F8D21F600D672E5 /* PBXContainerItemProxy */;
			sourceTree = BUILT_PRODUCTS_DIR;
		};
/* End PBXReferenceProxy section */

/* Begin PBXShellScriptBuildPhase section */
		CD9E5BDF1A7700D500469462 /* Copy Binaries */ = {
			isa = PBXShellScriptBuildPhase;
			buildActionMask = 2147483647;
			files = (
			);
			inputPaths = (
			);
			name = "Copy Binaries";
			outputPaths = (
			);
			runOnlyForDeploymentPostprocessing = 0;
			shellPath = /bin/sh;
			shellScript = "OSX_BIN=../../bin/osx\nmkdir -p $OSX_BIN\ncp -a \"${TARGET_BUILD_DIR}/${TARGET_NAME}\" $OSX_BIN";
		};
/* End PBXShellScriptBuildPhase section */

/* Begin PBXSourcesBuildPhase section */
		0300CF58140DC53C00ABCC5B /* Sources */ = {
			isa = PBXSourcesBuildPhase;
			buildActionMask = 2147483647;
			files = (
				CD323B081A8040CB00E2FEBB /* SDLKeyCodeMapping.cpp in Sources */,
				200159311E2A47BD00C4B645 /* SDLGameController.cpp in Sources */,
				CDA633151A390CE000F3995F /* SDLHostMain.cpp in Sources */,
				7A00E71A1F8D21F500D672E5 /* SDLImGuiHelper.cpp in Sources */,
				CDA6331D1A390CFB00F3995F /* aku_modules.cpp in Sources */,
				CDA633141A390CE000F3995F /* SDLHost.cpp in Sources */,
				CDA6331C1A390CFB00F3995F /* aku_modules_util.cpp in Sources */,
			);
			runOnlyForDeploymentPostprocessing = 0;
		};
/* End PBXSourcesBuildPhase section */

/* Begin PBXTargetDependency section */
		20662B571C53A024004D0132 /* PBXTargetDependency */ = {
			isa = PBXTargetDependency;
			name = "libmoai-osx-fmod-studio";
			targetProxy = 20662B561C53A024004D0132 /* PBXContainerItemProxy */;
		};
/* End PBXTargetDependency section */

/* Begin XCBuildConfiguration section */
		0300CF6C140DC53C00ABCC5B /* Debug */ = {
			isa = XCBuildConfiguration;
			buildSettings = {
				GCC_C_LANGUAGE_STANDARD = gnu99;
				GCC_ENABLE_OBJC_EXCEPTIONS = NO;
				GCC_OPTIMIZATION_LEVEL = 0;
				HEADER_SEARCH_PATHS = (
					"\"../../src\"",
					"\"../../src/config\"",
					"\"../../src/config-default\"",
					"\"../../3rdparty/sdl2-2.0.5/include\"",
					"\"../../3rdparty\"",
				);
				LIBRARY_SEARCH_PATHS = (
					"$(inherited)",
					"$(USER_LIBRARY_DIR)/Developer/Xcode/DerivedData/MoaiSample-cqdbxugpyrgpwegimkiivzlhrioj/Build/Products/Debug",
				);
				MACOSX_DEPLOYMENT_TARGET = 10.11;
				PRODUCT_NAME = "$(TARGET_NAME)";
			};
			name = Debug;
		};
		0300CF6D140DC53C00ABCC5B /* Release */ = {
			isa = XCBuildConfiguration;
			buildSettings = {
				GCC_C_LANGUAGE_STANDARD = gnu99;
				GCC_ENABLE_OBJC_EXCEPTIONS = NO;
				HEADER_SEARCH_PATHS = (
					"\"../../src\"",
					"\"../../src/config\"",
					"\"../../src/config-default\"",
					"\"../../3rdparty/sdl2-2.0.5/include\"",
					"\"../../3rdparty\"",
				);
				LIBRARY_SEARCH_PATHS = (
					"$(inherited)",
					"$(USER_LIBRARY_DIR)/Developer/Xcode/DerivedData/MoaiSample-cqdbxugpyrgpwegimkiivzlhrioj/Build/Products/Debug",
				);
				MACOSX_DEPLOYMENT_TARGET = 10.11;
				PRODUCT_NAME = "$(TARGET_NAME)";
			};
			name = Release;
		};
		03B080970F708135005CD8E5 /* Release */ = {
			isa = XCBuildConfiguration;
			buildSettings = {
				CLANG_CXX_LIBRARY = "libc++";
				GCC_ENABLE_CPP_EXCEPTIONS = NO;
				GCC_ENABLE_CPP_RTTI = NO;
				GCC_OBJC_CALL_CXX_CDTORS = YES;
				GCC_PREPROCESSOR_DEFINITIONS = (
					POSIX,
					MACOSX,
					SQLITE_ENABLE_COLUMN_METADATA,
					TIXML_USE_STL,
					ENABLE_CUSTOM_WEBVIEW,
					HAVE_MEMMOVE,
					XML_STATIC,
					FT2_BUILD_LIBRARY,
					DARWIN_NO_CARBON,
					"AKU_WITH_APPLE=1",
					"AKU_WITH_HTTP_SERVER=1",
					"AKU_WITH_SDL=1",
					LUA_USE_MACOSX,
				);
				GCC_TREAT_IMPLICIT_FUNCTION_DECLARATIONS_AS_ERRORS = NO;
				GCC_WARN_64_TO_32_BIT_CONVERSION = YES;
				GCC_WARN_ABOUT_MISSING_FIELD_INITIALIZERS = YES;
				GCC_WARN_ABOUT_MISSING_NEWLINE = NO;
				GCC_WARN_ABOUT_MISSING_PROTOTYPES = YES;
				GCC_WARN_ABOUT_RETURN_TYPE = YES;
				GCC_WARN_HIDDEN_VIRTUAL_FUNCTIONS = YES;
				GCC_WARN_MISSING_PARENTHESES = YES;
				GCC_WARN_NON_VIRTUAL_DESTRUCTOR = YES;
				GCC_WARN_PEDANTIC = NO;
				GCC_WARN_PROTOTYPE_CONVERSION = YES;
				GCC_WARN_SHADOW = YES;
				GCC_WARN_SIGN_COMPARE = YES;
				GCC_WARN_UNINITIALIZED_AUTOS = NO;
				GCC_WARN_UNKNOWN_PRAGMAS = YES;
				GCC_WARN_UNUSED_FUNCTION = YES;
				GCC_WARN_UNUSED_LABEL = YES;
				GCC_WARN_UNUSED_PARAMETER = YES;
				GCC_WARN_UNUSED_VALUE = YES;
				GCC_WARN_UNUSED_VARIABLE = YES;
				HEADER_SEARCH_PATHS = (
					"\"../../src\"",
					"\"../../src/config\"",
					"\"../../3rdparty/sdl2-2.0.5/include\"",
					../../3rdparty/libimgui,
				);
				LIBRARY_SEARCH_PATHS = "\"../../3rdparty/fmod-studio/lib/osx\"";
				SDKROOT = macosx;
				SKIP_INSTALL = YES;
				WARNING_CFLAGS = "-Wall";
			};
			name = Release;
		};
		C01FCF4F08A954540054247B /* Debug */ = {
			isa = XCBuildConfiguration;
			buildSettings = {
				CLANG_CXX_LIBRARY = "libc++";
				GCC_ENABLE_CPP_EXCEPTIONS = NO;
				GCC_ENABLE_CPP_RTTI = NO;
				GCC_OBJC_CALL_CXX_CDTORS = YES;
				GCC_PREPROCESSOR_DEFINITIONS = (
					_DEBUG,
					DEBUG,
					POSIX,
					MACOSX,
					SQLITE_ENABLE_COLUMN_METADATA,
					SQLITE_ENABLE_FTS3,
					SQLITE_ENABLE_FTS3_PARENTHESIS,
					TIXML_USE_STL,
					HAVE_MEMMOVE,
					XML_STATIC,
					FT_DEBUG_LEVEL_ERROR,
					FT_DEBUG_LEVEL_TRACE,
					FT2_BUILD_LIBRARY,
					DARWIN_NO_CARBON,
					"AKU_WITH_APPLE=1",
					"AKU_WITH_HTTP_SERVER=1",
					"AKU_WITH_SDL=1",
					LUA_USE_MACOSX,
				);
				GCC_TREAT_IMPLICIT_FUNCTION_DECLARATIONS_AS_ERRORS = NO;
				GCC_WARN_64_TO_32_BIT_CONVERSION = YES;
				GCC_WARN_ABOUT_MISSING_FIELD_INITIALIZERS = YES;
				GCC_WARN_ABOUT_MISSING_NEWLINE = NO;
				GCC_WARN_ABOUT_MISSING_PROTOTYPES = YES;
				GCC_WARN_ABOUT_RETURN_TYPE = YES;
				GCC_WARN_HIDDEN_VIRTUAL_FUNCTIONS = YES;
				GCC_WARN_MISSING_PARENTHESES = YES;
				GCC_WARN_NON_VIRTUAL_DESTRUCTOR = YES;
				GCC_WARN_PEDANTIC = NO;
				GCC_WARN_PROTOTYPE_CONVERSION = YES;
				GCC_WARN_SHADOW = YES;
				GCC_WARN_SIGN_COMPARE = YES;
				GCC_WARN_UNINITIALIZED_AUTOS = NO;
				GCC_WARN_UNKNOWN_PRAGMAS = YES;
				GCC_WARN_UNUSED_FUNCTION = YES;
				GCC_WARN_UNUSED_LABEL = YES;
				GCC_WARN_UNUSED_PARAMETER = YES;
				GCC_WARN_UNUSED_VALUE = YES;
				GCC_WARN_UNUSED_VARIABLE = YES;
				HEADER_SEARCH_PATHS = (
					"\"../../src\"",
					"\"../../src/config\"",
					"\"../../3rdparty/sdl2-2.0.5/include\"",
					../../3rdparty/libimgui,
				);
				LIBRARY_SEARCH_PATHS = "\"../../3rdparty/fmod-studio/lib/osx\"";
				ONLY_ACTIVE_ARCH = YES;
				SDKROOT = macosx;
				SKIP_INSTALL = YES;
				WARNING_CFLAGS = "-Wall";
			};
			name = Debug;
		};
/* End XCBuildConfiguration section */

/* Begin XCConfigurationList section */
		0300CF6B140DC53C00ABCC5B /* Build configuration list for PBXNativeTarget "moai" */ = {
			isa = XCConfigurationList;
			buildConfigurations = (
				0300CF6C140DC53C00ABCC5B /* Debug */,
				0300CF6D140DC53C00ABCC5B /* Release */,
			);
			defaultConfigurationIsVisible = 0;
			defaultConfigurationName = Debug;
		};
		C01FCF4E08A954540054247B /* Build configuration list for PBXProject "moai-osx" */ = {
			isa = XCConfigurationList;
			buildConfigurations = (
				C01FCF4F08A954540054247B /* Debug */,
				03B080970F708135005CD8E5 /* Release */,
			);
			defaultConfigurationIsVisible = 0;
			defaultConfigurationName = Debug;
		};
/* End XCConfigurationList section */
	};
	rootObject = 29B97313FDCFA39411CA2CEA /* Project object */;
}
