<?xml version="1.0" encoding="utf-8"?>
<Project ToolsVersion="4.0" xmlns="http://schemas.microsoft.com/developer/msbuild/2003">
  <ItemGroup>
    <Filter Include="include">
      <UniqueIdentifier>{8fec5837-3d0f-402d-8c84-c96ce0606406}</UniqueIdentifier>
    </Filter>
  </ItemGroup>
  <ItemGroup>
    <ClInclude Include="..\..\3rdparty\spine_v3-c\include\spine\Animation.h">
      <Filter>include</Filter>
    </ClInclude>
    <ClInclude Include="..\..\3rdparty\spine_v3-c\include\spine\AnimationState.h">
      <Filter>include</Filter>
    </ClInclude>
    <ClInclude Include="..\..\3rdparty\spine_v3-c\include\spine\AnimationStateData.h">
      <Filter>include</Filter>
    </ClInclude>
    <ClInclude Include="..\..\3rdparty\spine_v3-c\include\spine\Atlas.h">
      <Filter>include</Filter>
    </ClInclude>
    <ClInclude Include="..\..\3rdparty\spine_v3-c\include\spine\AtlasAttachmentLoader.h">
      <Filter>include</Filter>
    </ClInclude>
    <ClInclude Include="..\..\3rdparty\spine_v3-c\include\spine\Attachment.h">
      <Filter>include</Filter>
    </ClInclude>
    <ClInclude Include="..\..\3rdparty\spine_v3-c\include\spine\AttachmentLoader.h">
      <Filter>include</Filter>
    </ClInclude>
    <ClInclude Include="..\..\3rdparty\spine_v3-c\include\spine\Bone.h">
      <Filter>include</Filter>
    </ClInclude>
    <ClInclude Include="..\..\3rdparty\spine_v3-c\include\spine\BoneData.h">
      <Filter>include</Filter>
    </ClInclude>
    <ClInclude Include="..\..\3rdparty\spine_v3-c\include\spine\BoundingBoxAttachment.h">
      <Filter>include</Filter>
    </ClInclude>
    <ClInclude Include="..\..\3rdparty\spine_v3-c\include\spine\Event.h">
      <Filter>include</Filter>
    </ClInclude>
    <ClInclude Include="..\..\3rdparty\spine_v3-c\include\spine\EventData.h">
      <Filter>include</Filter>
    </ClInclude>
    <ClInclude Include="..\..\3rdparty\spine_v3-c\include\spine\extension.h">
      <Filter>include</Filter>
    </ClInclude>
    <ClInclude Include="..\..\3rdparty\spine_v3-c\include\spine\IkConstraint.h">
      <Filter>include</Filter>
    </ClInclude>
    <ClInclude Include="..\..\3rdparty\spine_v3-c\include\spine\IkConstraintData.h">
      <Filter>include</Filter>
    </ClInclude>
    <ClInclude Include="..\..\3rdparty\spine_v3-c\include\spine\MeshAttachment.h">
      <Filter>include</Filter>
    </ClInclude>
    <ClInclude Include="..\..\3rdparty\spine_v3-c\include\spine\PathAttachment.h">
      <Filter>include</Filter>
    </ClInclude>
    <ClInclude Include="..\..\3rdparty\spine_v3-c\include\spine\PathConstraint.h">
      <Filter>include</Filter>
    </ClInclude>
    <ClInclude Include="..\..\3rdparty\spine_v3-c\include\spine\PathConstraintData.h">
      <Filter>include</Filter>
    </ClInclude>
    <ClInclude Include="..\..\3rdparty\spine_v3-c\include\spine\RegionAttachment.h">
      <Filter>include</Filter>
    </ClInclude>
    <ClInclude Include="..\..\3rdparty\spine_v3-c\include\spine\Skeleton.h">
      <Filter>include</Filter>
    </ClInclude>
    <ClInclude Include="..\..\3rdparty\spine_v3-c\include\spine\SkeletonBinary.h">
      <Filter>include</Filter>
    </ClInclude>
    <ClInclude Include="..\..\3rdparty\spine_v3-c\include\spine\SkeletonBounds.h">
      <Filter>include</Filter>
    </ClInclude>
    <ClInclude Include="..\..\3rdparty\spine_v3-c\include\spine\SkeletonData.h">
      <Filter>include</Filter>
    </ClInclude>
    <ClInclude Include="..\..\3rdparty\spine_v3-c\include\spine\SkeletonJson.h">
      <Filter>include</Filter>
    </ClInclude>
    <ClInclude Include="..\..\3rdparty\spine_v3-c\include\spine\Skin.h">
      <Filter>include</Filter>
    </ClInclude>
    <ClInclude Include="..\..\3rdparty\spine_v3-c\include\spine\Slot.h">
      <Filter>include</Filter>
    </ClInclude>
    <ClInclude Include="..\..\3rdparty\spine_v3-c\include\spine\SlotData.h">
      <Filter>include</Filter>
    </ClInclude>
    <ClInclude Include="..\..\3rdparty\spine_v3-c\include\spine\spine.h">
      <Filter>include</Filter>
    </ClInclude>
    <ClInclude Include="..\..\3rdparty\spine_v3-c\include\spine\TransformConstraint.h">
      <Filter>include</Filter>
    </ClInclude>
    <ClInclude Include="..\..\3rdparty\spine_v3-c\include\spine\TransformConstraintData.h">
      <Filter>include</Filter>
    </ClInclude>
    <ClInclude Include="..\..\3rdparty\spine_v3-c\include\spine\VertexAttachment.h">
      <Filter>include</Filter>
    </ClInclude>
  </ItemGroup>
</Project>